// !$*UTF8*$!
{
	archiveVersion = 1;
	classes = {
	};
	objectVersion = 46;
	objects = {

/* Begin PBXBuildFile section */
		0A4D01C11853DFE400B34D3B /* NSArray+JavaScript.h in Headers */ = {isa = PBXBuildFile; fileRef = 0A4D018B1853DFE400B34D3B /* NSArray+JavaScript.h */; };
		0A4D01C21853DFE400B34D3B /* NSArray+JavaScript.m in Sources */ = {isa = PBXBuildFile; fileRef = 0A4D018C1853DFE400B34D3B /* NSArray+JavaScript.m */; };
		0A4D01C31853DFE400B34D3B /* NSArray+JavaScript.m in Sources */ = {isa = PBXBuildFile; fileRef = 0A4D018C1853DFE400B34D3B /* NSArray+JavaScript.m */; };
		0A4D01C41853DFE400B34D3B /* NSArray+SS.h in Headers */ = {isa = PBXBuildFile; fileRef = 0A4D018D1853DFE400B34D3B /* NSArray+SS.h */; };
		0A4D01C51853DFE400B34D3B /* NSArray+SS.m in Sources */ = {isa = PBXBuildFile; fileRef = 0A4D018E1853DFE400B34D3B /* NSArray+SS.m */; };
		0A4D01C61853DFE400B34D3B /* NSArray+SS.m in Sources */ = {isa = PBXBuildFile; fileRef = 0A4D018E1853DFE400B34D3B /* NSArray+SS.m */; };
		0A4D01C71853DFE400B34D3B /* NSDate+JavaScript.h in Headers */ = {isa = PBXBuildFile; fileRef = 0A4D018F1853DFE400B34D3B /* NSDate+JavaScript.h */; };
		0A4D01C81853DFE400B34D3B /* NSDate+JavaScript.m in Sources */ = {isa = PBXBuildFile; fileRef = 0A4D01901853DFE400B34D3B /* NSDate+JavaScript.m */; };
		0A4D01C91853DFE400B34D3B /* NSDate+JavaScript.m in Sources */ = {isa = PBXBuildFile; fileRef = 0A4D01901853DFE400B34D3B /* NSDate+JavaScript.m */; };
		0A4D01CA1853DFE400B34D3B /* NSDate+SS.h in Headers */ = {isa = PBXBuildFile; fileRef = 0A4D01911853DFE400B34D3B /* NSDate+SS.h */; };
		0A4D01CB1853DFE400B34D3B /* NSDate+SS.m in Sources */ = {isa = PBXBuildFile; fileRef = 0A4D01921853DFE400B34D3B /* NSDate+SS.m */; };
		0A4D01CC1853DFE400B34D3B /* NSDate+SS.m in Sources */ = {isa = PBXBuildFile; fileRef = 0A4D01921853DFE400B34D3B /* NSDate+SS.m */; };
		0A4D01CD1853DFE400B34D3B /* NSDictionary+JavaScript.h in Headers */ = {isa = PBXBuildFile; fileRef = 0A4D01931853DFE400B34D3B /* NSDictionary+JavaScript.h */; };
		0A4D01CE1853DFE400B34D3B /* NSDictionary+JavaScript.m in Sources */ = {isa = PBXBuildFile; fileRef = 0A4D01941853DFE400B34D3B /* NSDictionary+JavaScript.m */; };
		0A4D01CF1853DFE400B34D3B /* NSDictionary+JavaScript.m in Sources */ = {isa = PBXBuildFile; fileRef = 0A4D01941853DFE400B34D3B /* NSDictionary+JavaScript.m */; };
		0A4D01D01853DFE400B34D3B /* NSDictionary+NamedProperties.h in Headers */ = {isa = PBXBuildFile; fileRef = 0A4D01951853DFE400B34D3B /* NSDictionary+NamedProperties.h */; };
		0A4D01D11853DFE400B34D3B /* NSDictionary+NamedProperties.m in Sources */ = {isa = PBXBuildFile; fileRef = 0A4D01961853DFE400B34D3B /* NSDictionary+NamedProperties.m */; };
		0A4D01D21853DFE400B34D3B /* NSDictionary+NamedProperties.m in Sources */ = {isa = PBXBuildFile; fileRef = 0A4D01961853DFE400B34D3B /* NSDictionary+NamedProperties.m */; };
		0A4D01D31853DFE400B34D3B /* NSDictionary+SS.h in Headers */ = {isa = PBXBuildFile; fileRef = 0A4D01971853DFE400B34D3B /* NSDictionary+SS.h */; };
		0A4D01D41853DFE400B34D3B /* NSDictionary+SS.m in Sources */ = {isa = PBXBuildFile; fileRef = 0A4D01981853DFE400B34D3B /* NSDictionary+SS.m */; };
		0A4D01D51853DFE400B34D3B /* NSDictionary+SS.m in Sources */ = {isa = PBXBuildFile; fileRef = 0A4D01981853DFE400B34D3B /* NSDictionary+SS.m */; };
		0A4D01D61853DFE400B34D3B /* NSMutableArray+JavaScript.h in Headers */ = {isa = PBXBuildFile; fileRef = 0A4D01991853DFE400B34D3B /* NSMutableArray+JavaScript.h */; };
		0A4D01D71853DFE400B34D3B /* NSMutableArray+JavaScript.m in Sources */ = {isa = PBXBuildFile; fileRef = 0A4D019A1853DFE400B34D3B /* NSMutableArray+JavaScript.m */; };
		0A4D01D81853DFE400B34D3B /* NSMutableArray+JavaScript.m in Sources */ = {isa = PBXBuildFile; fileRef = 0A4D019A1853DFE400B34D3B /* NSMutableArray+JavaScript.m */; };
		0A4D01D91853DFE400B34D3B /* NSMutableArray+SS.h in Headers */ = {isa = PBXBuildFile; fileRef = 0A4D019B1853DFE400B34D3B /* NSMutableArray+SS.h */; };
		0A4D01DA1853DFE400B34D3B /* NSMutableArray+SS.m in Sources */ = {isa = PBXBuildFile; fileRef = 0A4D019C1853DFE400B34D3B /* NSMutableArray+SS.m */; };
		0A4D01DB1853DFE400B34D3B /* NSMutableArray+SS.m in Sources */ = {isa = PBXBuildFile; fileRef = 0A4D019C1853DFE400B34D3B /* NSMutableArray+SS.m */; };
		0A4D01DC1853DFE400B34D3B /* NSMutableDictionary+JavaScript.h in Headers */ = {isa = PBXBuildFile; fileRef = 0A4D019D1853DFE400B34D3B /* NSMutableDictionary+JavaScript.h */; };
		0A4D01DD1853DFE400B34D3B /* NSMutableDictionary+JavaScript.m in Sources */ = {isa = PBXBuildFile; fileRef = 0A4D019E1853DFE400B34D3B /* NSMutableDictionary+JavaScript.m */; };
		0A4D01DE1853DFE400B34D3B /* NSMutableDictionary+JavaScript.m in Sources */ = {isa = PBXBuildFile; fileRef = 0A4D019E1853DFE400B34D3B /* NSMutableDictionary+JavaScript.m */; };
		0A4D01DF1853DFE400B34D3B /* NSMutableDictionary+SS.h in Headers */ = {isa = PBXBuildFile; fileRef = 0A4D019F1853DFE400B34D3B /* NSMutableDictionary+SS.h */; };
		0A4D01E01853DFE400B34D3B /* NSMutableDictionary+SS.m in Sources */ = {isa = PBXBuildFile; fileRef = 0A4D01A01853DFE400B34D3B /* NSMutableDictionary+SS.m */; };
		0A4D01E11853DFE400B34D3B /* NSMutableDictionary+SS.m in Sources */ = {isa = PBXBuildFile; fileRef = 0A4D01A01853DFE400B34D3B /* NSMutableDictionary+SS.m */; };
		0A4D01E21853DFE400B34D3B /* NSMutableString+JavaScript.h in Headers */ = {isa = PBXBuildFile; fileRef = 0A4D01A11853DFE400B34D3B /* NSMutableString+JavaScript.h */; };
		0A4D01E31853DFE400B34D3B /* NSMutableString+JavaScript.m in Sources */ = {isa = PBXBuildFile; fileRef = 0A4D01A21853DFE400B34D3B /* NSMutableString+JavaScript.m */; };
		0A4D01E41853DFE400B34D3B /* NSMutableString+JavaScript.m in Sources */ = {isa = PBXBuildFile; fileRef = 0A4D01A21853DFE400B34D3B /* NSMutableString+JavaScript.m */; };
		0A4D01E51853DFE400B34D3B /* NSMutableString+SS.h in Headers */ = {isa = PBXBuildFile; fileRef = 0A4D01A31853DFE400B34D3B /* NSMutableString+SS.h */; };
		0A4D01E61853DFE400B34D3B /* NSMutableString+SS.m in Sources */ = {isa = PBXBuildFile; fileRef = 0A4D01A41853DFE400B34D3B /* NSMutableString+SS.m */; };
		0A4D01E71853DFE400B34D3B /* NSMutableString+SS.m in Sources */ = {isa = PBXBuildFile; fileRef = 0A4D01A41853DFE400B34D3B /* NSMutableString+SS.m */; };
		0A4D01E81853DFE400B34D3B /* NSNumber+JavaScript.h in Headers */ = {isa = PBXBuildFile; fileRef = 0A4D01A51853DFE400B34D3B /* NSNumber+JavaScript.h */; };
		0A4D01E91853DFE400B34D3B /* NSNumber+JavaScript.m in Sources */ = {isa = PBXBuildFile; fileRef = 0A4D01A61853DFE400B34D3B /* NSNumber+JavaScript.m */; };
		0A4D01EA1853DFE400B34D3B /* NSNumber+JavaScript.m in Sources */ = {isa = PBXBuildFile; fileRef = 0A4D01A61853DFE400B34D3B /* NSNumber+JavaScript.m */; };
		0A4D01EB1853DFE400B34D3B /* NSNumber+SS.h in Headers */ = {isa = PBXBuildFile; fileRef = 0A4D01A71853DFE400B34D3B /* NSNumber+SS.h */; };
		0A4D01EC1853DFE400B34D3B /* NSNumber+SS.m in Sources */ = {isa = PBXBuildFile; fileRef = 0A4D01A81853DFE400B34D3B /* NSNumber+SS.m */; };
		0A4D01ED1853DFE400B34D3B /* NSNumber+SS.m in Sources */ = {isa = PBXBuildFile; fileRef = 0A4D01A81853DFE400B34D3B /* NSNumber+SS.m */; };
		0A4D01EE1853DFE400B34D3B /* NSObject+JavaScript.h in Headers */ = {isa = PBXBuildFile; fileRef = 0A4D01A91853DFE400B34D3B /* NSObject+JavaScript.h */; };
		0A4D01EF1853DFE400B34D3B /* NSObject+JavaScript.m in Sources */ = {isa = PBXBuildFile; fileRef = 0A4D01AA1853DFE400B34D3B /* NSObject+JavaScript.m */; };
		0A4D01F01853DFE400B34D3B /* NSObject+JavaScript.m in Sources */ = {isa = PBXBuildFile; fileRef = 0A4D01AA1853DFE400B34D3B /* NSObject+JavaScript.m */; };
		0A4D01F11853DFE400B34D3B /* NSObject+SS.h in Headers */ = {isa = PBXBuildFile; fileRef = 0A4D01AB1853DFE400B34D3B /* NSObject+SS.h */; };
		0A4D01F21853DFE400B34D3B /* NSObject+SS.m in Sources */ = {isa = PBXBuildFile; fileRef = 0A4D01AC1853DFE400B34D3B /* NSObject+SS.m */; };
		0A4D01F31853DFE400B34D3B /* NSObject+SS.m in Sources */ = {isa = PBXBuildFile; fileRef = 0A4D01AC1853DFE400B34D3B /* NSObject+SS.m */; };
		0A4D01F41853DFE400B34D3B /* NSString+JavaScript.h in Headers */ = {isa = PBXBuildFile; fileRef = 0A4D01AD1853DFE400B34D3B /* NSString+JavaScript.h */; };
		0A4D01F51853DFE400B34D3B /* NSString+JavaScript.m in Sources */ = {isa = PBXBuildFile; fileRef = 0A4D01AE1853DFE400B34D3B /* NSString+JavaScript.m */; };
		0A4D01F61853DFE400B34D3B /* NSString+JavaScript.m in Sources */ = {isa = PBXBuildFile; fileRef = 0A4D01AE1853DFE400B34D3B /* NSString+JavaScript.m */; };
		0A4D01F71853DFE400B34D3B /* NSString+SS.h in Headers */ = {isa = PBXBuildFile; fileRef = 0A4D01AF1853DFE400B34D3B /* NSString+SS.h */; };
		0A4D01F81853DFE400B34D3B /* NSString+SS.m in Sources */ = {isa = PBXBuildFile; fileRef = 0A4D01B01853DFE400B34D3B /* NSString+SS.m */; };
		0A4D01F91853DFE400B34D3B /* NSString+SS.m in Sources */ = {isa = PBXBuildFile; fileRef = 0A4D01B01853DFE400B34D3B /* NSString+SS.m */; };
		0A4D01FA1853DFE400B34D3B /* NSString+Versioning.h in Headers */ = {isa = PBXBuildFile; fileRef = 0A4D01B11853DFE400B34D3B /* NSString+Versioning.h */; };
		0A4D01FB1853DFE400B34D3B /* NSString+Versioning.m in Sources */ = {isa = PBXBuildFile; fileRef = 0A4D01B21853DFE400B34D3B /* NSString+Versioning.m */; };
		0A4D01FC1853DFE400B34D3B /* NSString+Versioning.m in Sources */ = {isa = PBXBuildFile; fileRef = 0A4D01B21853DFE400B34D3B /* NSString+Versioning.m */; };
		0A4D01FD1853DFE400B34D3B /* SS.h in Headers */ = {isa = PBXBuildFile; fileRef = 0A4D01B31853DFE400B34D3B /* SS.h */; };
		0A4D01FE1853DFE400B34D3B /* SS.m in Sources */ = {isa = PBXBuildFile; fileRef = 0A4D01B41853DFE400B34D3B /* SS.m */; };
		0A4D01FF1853DFE400B34D3B /* SS.m in Sources */ = {isa = PBXBuildFile; fileRef = 0A4D01B41853DFE400B34D3B /* SS.m */; };
		0A4D02001853DFE400B34D3B /* SS+Functions.h in Headers */ = {isa = PBXBuildFile; fileRef = 0A4D01B51853DFE400B34D3B /* SS+Functions.h */; };
		0A4D02011853DFE400B34D3B /* SS+Functions.m in Sources */ = {isa = PBXBuildFile; fileRef = 0A4D01B61853DFE400B34D3B /* SS+Functions.m */; };
		0A4D02021853DFE400B34D3B /* SS+Functions.m in Sources */ = {isa = PBXBuildFile; fileRef = 0A4D01B61853DFE400B34D3B /* SS+Functions.m */; };
		0A4D02031853DFE400B34D3B /* SS+JavaScript.h in Headers */ = {isa = PBXBuildFile; fileRef = 0A4D01B71853DFE400B34D3B /* SS+JavaScript.h */; };
		0A4D02041853DFE400B34D3B /* SS+JavaScript.m in Sources */ = {isa = PBXBuildFile; fileRef = 0A4D01B81853DFE400B34D3B /* SS+JavaScript.m */; };
		0A4D02051853DFE400B34D3B /* SS+JavaScript.m in Sources */ = {isa = PBXBuildFile; fileRef = 0A4D01B81853DFE400B34D3B /* SS+JavaScript.m */; };
		0A4D02061853DFE400B34D3B /* SS+System.h in Headers */ = {isa = PBXBuildFile; fileRef = 0A4D01B91853DFE400B34D3B /* SS+System.h */; };
		0A4D02071853DFE400B34D3B /* SS+System.m in Sources */ = {isa = PBXBuildFile; fileRef = 0A4D01BA1853DFE400B34D3B /* SS+System.m */; };
		0A4D02081853DFE400B34D3B /* SS+System.m in Sources */ = {isa = PBXBuildFile; fileRef = 0A4D01BA1853DFE400B34D3B /* SS+System.m */; };
		0A4D02091853DFE400B34D3B /* SS+Types.h in Headers */ = {isa = PBXBuildFile; fileRef = 0A4D01BB1853DFE400B34D3B /* SS+Types.h */; };
		0A4D020A1853DFE400B34D3B /* SS+Types.m in Sources */ = {isa = PBXBuildFile; fileRef = 0A4D01BC1853DFE400B34D3B /* SS+Types.m */; };
		0A4D020B1853DFE400B34D3B /* SS+Types.m in Sources */ = {isa = PBXBuildFile; fileRef = 0A4D01BC1853DFE400B34D3B /* SS+Types.m */; };
		0A4D020C1853DFE400B34D3B /* SSArguments.h in Headers */ = {isa = PBXBuildFile; fileRef = 0A4D01BD1853DFE400B34D3B /* SSArguments.h */; };
		0A4D020D1853DFE400B34D3B /* SSTypes.h in Headers */ = {isa = PBXBuildFile; fileRef = 0A4D01BE1853DFE400B34D3B /* SSTypes.h */; };
		0A4D020E1853DFE400B34D3B /* SubjectiveScript.h in Headers */ = {isa = PBXBuildFile; fileRef = 0A4D01BF1853DFE400B34D3B /* SubjectiveScript.h */; };
		0A4D020F1853DFE400B34D3B /* SubjectiveScript.m in Sources */ = {isa = PBXBuildFile; fileRef = 0A4D01C01853DFE400B34D3B /* SubjectiveScript.m */; };
		0A4D02101853DFE400B34D3B /* SubjectiveScript.m in Sources */ = {isa = PBXBuildFile; fileRef = 0A4D01C01853DFE400B34D3B /* SubjectiveScript.m */; };
		0AA55DA115D2633F0069DD2E /* Foundation.framework in Frameworks */ = {isa = PBXBuildFile; fileRef = 0AFE255315B59CD1008A8BA9 /* Foundation.framework */; };
		0AA55DAF15D263400069DD2E /* SenTestingKit.framework in Frameworks */ = {isa = PBXBuildFile; fileRef = 0AFE256115B59CD1008A8BA9 /* SenTestingKit.framework */; };
		0AA55DB015D263400069DD2E /* UIKit.framework in Frameworks */ = {isa = PBXBuildFile; fileRef = 0A1A2AED15CB7A4A0052BCC9 /* UIKit.framework */; };
		0AA55DB115D263400069DD2E /* Foundation.framework in Frameworks */ = {isa = PBXBuildFile; fileRef = 0AFE255315B59CD1008A8BA9 /* Foundation.framework */; };
		0AA55DB415D263400069DD2E /* libSubjectiveScript.m-ios.a in Frameworks */ = {isa = PBXBuildFile; fileRef = 0AA55DA015D2633F0069DD2E /* libSubjectiveScript.m-ios.a */; };
		0AA55DC915D263550069DD2E /* Cocoa.framework in Frameworks */ = {isa = PBXBuildFile; fileRef = 0A1A2AF015CB7A580052BCC9 /* Cocoa.framework */; };
		0AA55DD615D263550069DD2E /* SenTestingKit.framework in Frameworks */ = {isa = PBXBuildFile; fileRef = 0AFE256115B59CD1008A8BA9 /* SenTestingKit.framework */; };
		0AA55DD715D263550069DD2E /* Cocoa.framework in Frameworks */ = {isa = PBXBuildFile; fileRef = 0A1A2AF015CB7A580052BCC9 /* Cocoa.framework */; };
		0AA55DDA15D263550069DD2E /* libSubjectiveScript.m-osx.a in Frameworks */ = {isa = PBXBuildFile; fileRef = 0AA55DC815D263540069DD2E /* libSubjectiveScript.m-osx.a */; };
		0AA55E2115D263830069DD2E /* Array+JavaScriptTests.m in Sources */ = {isa = PBXBuildFile; fileRef = 0AA55E0315D263830069DD2E /* Array+JavaScriptTests.m */; };
		0AA55E2215D263830069DD2E /* Array+JavaScriptTests.m in Sources */ = {isa = PBXBuildFile; fileRef = 0AA55E0315D263830069DD2E /* Array+JavaScriptTests.m */; };
		0AA55E2315D263830069DD2E /* Date+JavaScriptTests.m in Sources */ = {isa = PBXBuildFile; fileRef = 0AA55E0515D263830069DD2E /* Date+JavaScriptTests.m */; };
		0AA55E2415D263830069DD2E /* Date+JavaScriptTests.m in Sources */ = {isa = PBXBuildFile; fileRef = 0AA55E0515D263830069DD2E /* Date+JavaScriptTests.m */; };
		0AA55E2515D263830069DD2E /* Functions+JavaScriptTests.m in Sources */ = {isa = PBXBuildFile; fileRef = 0AA55E0715D263830069DD2E /* Functions+JavaScriptTests.m */; };
		0AA55E2615D263830069DD2E /* Functions+JavaScriptTests.m in Sources */ = {isa = PBXBuildFile; fileRef = 0AA55E0715D263830069DD2E /* Functions+JavaScriptTests.m */; };
		0AA55E2715D263830069DD2E /* NSObject+JavaScriptTests.m in Sources */ = {isa = PBXBuildFile; fileRef = 0AA55E0915D263830069DD2E /* NSObject+JavaScriptTests.m */; };
		0AA55E2815D263830069DD2E /* NSObject+JavaScriptTests.m in Sources */ = {isa = PBXBuildFile; fileRef = 0AA55E0915D263830069DD2E /* NSObject+JavaScriptTests.m */; };
		0AA55E2915D263830069DD2E /* Number+JavaScriptTests.m in Sources */ = {isa = PBXBuildFile; fileRef = 0AA55E0B15D263830069DD2E /* Number+JavaScriptTests.m */; };
		0AA55E2A15D263830069DD2E /* Number+JavaScriptTests.m in Sources */ = {isa = PBXBuildFile; fileRef = 0AA55E0B15D263830069DD2E /* Number+JavaScriptTests.m */; };
		0AA55E2B15D263830069DD2E /* Object+JavaScriptTests.m in Sources */ = {isa = PBXBuildFile; fileRef = 0AA55E0D15D263830069DD2E /* Object+JavaScriptTests.m */; };
		0AA55E2C15D263830069DD2E /* Object+JavaScriptTests.m in Sources */ = {isa = PBXBuildFile; fileRef = 0AA55E0D15D263830069DD2E /* Object+JavaScriptTests.m */; };
		0AA55E2D15D263830069DD2E /* SS+JavaScriptTests.m in Sources */ = {isa = PBXBuildFile; fileRef = 0AA55E0F15D263830069DD2E /* SS+JavaScriptTests.m */; };
		0AA55E2E15D263830069DD2E /* SS+JavaScriptTests.m in Sources */ = {isa = PBXBuildFile; fileRef = 0AA55E0F15D263830069DD2E /* SS+JavaScriptTests.m */; };
		0AA55E2F15D263830069DD2E /* String+JavaScriptTests.m in Sources */ = {isa = PBXBuildFile; fileRef = 0AA55E1115D263830069DD2E /* String+JavaScriptTests.m */; };
		0AA55E3015D263830069DD2E /* String+JavaScriptTests.m in Sources */ = {isa = PBXBuildFile; fileRef = 0AA55E1115D263830069DD2E /* String+JavaScriptTests.m */; };
		0AA55E3115D263830069DD2E /* SubjectiveScriptTests.m in Sources */ = {isa = PBXBuildFile; fileRef = 0AA55E1315D263830069DD2E /* SubjectiveScriptTests.m */; };
		0AA55E3215D263830069DD2E /* SubjectiveScriptTests.m in Sources */ = {isa = PBXBuildFile; fileRef = 0AA55E1315D263830069DD2E /* SubjectiveScriptTests.m */; };
		0AA55E3315D263830069DD2E /* Array+SSTests.m in Sources */ = {isa = PBXBuildFile; fileRef = 0AA55E1615D263830069DD2E /* Array+SSTests.m */; };
		0AA55E3415D263830069DD2E /* Array+SSTests.m in Sources */ = {isa = PBXBuildFile; fileRef = 0AA55E1615D263830069DD2E /* Array+SSTests.m */; };
		0AA55E3515D263830069DD2E /* Date+SSTests.m in Sources */ = {isa = PBXBuildFile; fileRef = 0AA55E1815D263830069DD2E /* Date+SSTests.m */; };
		0AA55E3615D263830069DD2E /* Date+SSTests.m in Sources */ = {isa = PBXBuildFile; fileRef = 0AA55E1815D263830069DD2E /* Date+SSTests.m */; };
		0AA55E3715D263830069DD2E /* NSObject+SSTests.m in Sources */ = {isa = PBXBuildFile; fileRef = 0AA55E1A15D263830069DD2E /* NSObject+SSTests.m */; };
		0AA55E3815D263830069DD2E /* NSObject+SSTests.m in Sources */ = {isa = PBXBuildFile; fileRef = 0AA55E1A15D263830069DD2E /* NSObject+SSTests.m */; };
		0AA55E3915D263830069DD2E /* Number+SSTests.m in Sources */ = {isa = PBXBuildFile; fileRef = 0AA55E1C15D263830069DD2E /* Number+SSTests.m */; };
		0AA55E3A15D263830069DD2E /* Number+SSTests.m in Sources */ = {isa = PBXBuildFile; fileRef = 0AA55E1C15D263830069DD2E /* Number+SSTests.m */; };
		0AA55E3B15D263830069DD2E /* Object+SSTests.m in Sources */ = {isa = PBXBuildFile; fileRef = 0AA55E1E15D263830069DD2E /* Object+SSTests.m */; };
		0AA55E3C15D263830069DD2E /* Object+SSTests.m in Sources */ = {isa = PBXBuildFile; fileRef = 0AA55E1E15D263830069DD2E /* Object+SSTests.m */; };
		0AA55E3D15D263830069DD2E /* String+SSTests.m in Sources */ = {isa = PBXBuildFile; fileRef = 0AA55E2015D263830069DD2E /* String+SSTests.m */; };
		0AA55E3E15D263830069DD2E /* String+SSTests.m in Sources */ = {isa = PBXBuildFile; fileRef = 0AA55E2015D263830069DD2E /* String+SSTests.m */; };
		0F35F7C3F72944668D2792AA /* libPods-SubjectiveScript.m-iosTests.a in Frameworks */ = {isa = PBXBuildFile; fileRef = F4717B354D0C4BE6B4851841 /* libPods-SubjectiveScript.m-iosTests.a */; };
		A83A275BD2A14318BD42B152 /* libPods-SubjectiveScript.m-osxTests.a in Frameworks */ = {isa = PBXBuildFile; fileRef = 9C1B64D0217843EC9BA11AB6 /* libPods-SubjectiveScript.m-osxTests.a */; };
/* End PBXBuildFile section */

/* Begin PBXContainerItemProxy section */
		0AA55DB215D263400069DD2E /* PBXContainerItemProxy */ = {
			isa = PBXContainerItemProxy;
			containerPortal = 0AFE254715B59CD1008A8BA9 /* Project object */;
			proxyType = 1;
			remoteGlobalIDString = 0AA55D9F15D2633F0069DD2E;
			remoteInfo = "SubjectiveScript.m-ios";
		};
		0AA55DD815D263550069DD2E /* PBXContainerItemProxy */ = {
			isa = PBXContainerItemProxy;
			containerPortal = 0AFE254715B59CD1008A8BA9 /* Project object */;
			proxyType = 1;
			remoteGlobalIDString = 0AA55DC715D263540069DD2E;
			remoteInfo = "SubjectiveScript.m-osx";
		};
/* End PBXContainerItemProxy section */

/* Begin PBXCopyFilesBuildPhase section */
		0AA55D9E15D2633F0069DD2E /* CopyFiles */ = {
			isa = PBXCopyFilesBuildPhase;
			buildActionMask = 2147483647;
			dstPath = "include/${PRODUCT_NAME}";
			dstSubfolderSpec = 16;
			files = (
			);
			runOnlyForDeploymentPostprocessing = 0;
		};
/* End PBXCopyFilesBuildPhase section */

/* Begin PBXFileReference section */
		0A14EEC715CB9DF20098AC02 /* libQUnit.m_iOS.a */ = {isa = PBXFileReference; lastKnownFileType = archive.ar; name = libQUnit.m_iOS.a; path = Pods/build/Debug/libQUnit.m_iOS.a; sourceTree = "<group>"; };
		0A1A2ABB15CB79990052BCC9 /* AppKit.framework */ = {isa = PBXFileReference; lastKnownFileType = wrapper.framework; name = AppKit.framework; path = Library/Frameworks/AppKit.framework; sourceTree = SDKROOT; };
		0A1A2ABC15CB79990052BCC9 /* CoreData.framework */ = {isa = PBXFileReference; lastKnownFileType = wrapper.framework; name = CoreData.framework; path = Library/Frameworks/CoreData.framework; sourceTree = SDKROOT; };
		0A1A2ABD15CB79990052BCC9 /* Foundation.framework */ = {isa = PBXFileReference; lastKnownFileType = wrapper.framework; name = Foundation.framework; path = Library/Frameworks/Foundation.framework; sourceTree = SDKROOT; };
		0A1A2AED15CB7A4A0052BCC9 /* UIKit.framework */ = {isa = PBXFileReference; includeInIndex = 1; lastKnownFileType = wrapper.framework; name = UIKit.framework; path = System/Library/Frameworks/UIKit.framework; sourceTree = SDKROOT; };
		0A1A2AF015CB7A580052BCC9 /* Cocoa.framework */ = {isa = PBXFileReference; includeInIndex = 1; lastKnownFileType = wrapper.framework; name = Cocoa.framework; path = Platforms/MacOSX.platform/Developer/SDKs/MacOSX10.8.sdk/System/Library/Frameworks/Cocoa.framework; sourceTree = DEVELOPER_DIR; };
		0A4D018B1853DFE400B34D3B /* NSArray+JavaScript.h */ = {isa = PBXFileReference; fileEncoding = 4; lastKnownFileType = sourcecode.c.h; path = "NSArray+JavaScript.h"; sourceTree = "<group>"; };
		0A4D018C1853DFE400B34D3B /* NSArray+JavaScript.m */ = {isa = PBXFileReference; fileEncoding = 4; lastKnownFileType = sourcecode.c.objc; path = "NSArray+JavaScript.m"; sourceTree = "<group>"; };
		0A4D018D1853DFE400B34D3B /* NSArray+SS.h */ = {isa = PBXFileReference; fileEncoding = 4; lastKnownFileType = sourcecode.c.h; path = "NSArray+SS.h"; sourceTree = "<group>"; };
		0A4D018E1853DFE400B34D3B /* NSArray+SS.m */ = {isa = PBXFileReference; fileEncoding = 4; lastKnownFileType = sourcecode.c.objc; path = "NSArray+SS.m"; sourceTree = "<group>"; };
		0A4D018F1853DFE400B34D3B /* NSDate+JavaScript.h */ = {isa = PBXFileReference; fileEncoding = 4; lastKnownFileType = sourcecode.c.h; path = "NSDate+JavaScript.h"; sourceTree = "<group>"; };
		0A4D01901853DFE400B34D3B /* NSDate+JavaScript.m */ = {isa = PBXFileReference; fileEncoding = 4; lastKnownFileType = sourcecode.c.objc; path = "NSDate+JavaScript.m"; sourceTree = "<group>"; };
		0A4D01911853DFE400B34D3B /* NSDate+SS.h */ = {isa = PBXFileReference; fileEncoding = 4; lastKnownFileType = sourcecode.c.h; path = "NSDate+SS.h"; sourceTree = "<group>"; };
		0A4D01921853DFE400B34D3B /* NSDate+SS.m */ = {isa = PBXFileReference; fileEncoding = 4; lastKnownFileType = sourcecode.c.objc; path = "NSDate+SS.m"; sourceTree = "<group>"; };
		0A4D01931853DFE400B34D3B /* NSDictionary+JavaScript.h */ = {isa = PBXFileReference; fileEncoding = 4; lastKnownFileType = sourcecode.c.h; path = "NSDictionary+JavaScript.h"; sourceTree = "<group>"; };
		0A4D01941853DFE400B34D3B /* NSDictionary+JavaScript.m */ = {isa = PBXFileReference; fileEncoding = 4; lastKnownFileType = sourcecode.c.objc; path = "NSDictionary+JavaScript.m"; sourceTree = "<group>"; };
		0A4D01951853DFE400B34D3B /* NSDictionary+NamedProperties.h */ = {isa = PBXFileReference; fileEncoding = 4; lastKnownFileType = sourcecode.c.h; path = "NSDictionary+NamedProperties.h"; sourceTree = "<group>"; };
		0A4D01961853DFE400B34D3B /* NSDictionary+NamedProperties.m */ = {isa = PBXFileReference; fileEncoding = 4; lastKnownFileType = sourcecode.c.objc; path = "NSDictionary+NamedProperties.m"; sourceTree = "<group>"; };
		0A4D01971853DFE400B34D3B /* NSDictionary+SS.h */ = {isa = PBXFileReference; fileEncoding = 4; lastKnownFileType = sourcecode.c.h; path = "NSDictionary+SS.h"; sourceTree = "<group>"; };
		0A4D01981853DFE400B34D3B /* NSDictionary+SS.m */ = {isa = PBXFileReference; fileEncoding = 4; lastKnownFileType = sourcecode.c.objc; path = "NSDictionary+SS.m"; sourceTree = "<group>"; };
		0A4D01991853DFE400B34D3B /* NSMutableArray+JavaScript.h */ = {isa = PBXFileReference; fileEncoding = 4; lastKnownFileType = sourcecode.c.h; path = "NSMutableArray+JavaScript.h"; sourceTree = "<group>"; };
		0A4D019A1853DFE400B34D3B /* NSMutableArray+JavaScript.m */ = {isa = PBXFileReference; fileEncoding = 4; lastKnownFileType = sourcecode.c.objc; path = "NSMutableArray+JavaScript.m"; sourceTree = "<group>"; };
		0A4D019B1853DFE400B34D3B /* NSMutableArray+SS.h */ = {isa = PBXFileReference; fileEncoding = 4; lastKnownFileType = sourcecode.c.h; path = "NSMutableArray+SS.h"; sourceTree = "<group>"; };
		0A4D019C1853DFE400B34D3B /* NSMutableArray+SS.m */ = {isa = PBXFileReference; fileEncoding = 4; lastKnownFileType = sourcecode.c.objc; path = "NSMutableArray+SS.m"; sourceTree = "<group>"; };
		0A4D019D1853DFE400B34D3B /* NSMutableDictionary+JavaScript.h */ = {isa = PBXFileReference; fileEncoding = 4; lastKnownFileType = sourcecode.c.h; path = "NSMutableDictionary+JavaScript.h"; sourceTree = "<group>"; };
		0A4D019E1853DFE400B34D3B /* NSMutableDictionary+JavaScript.m */ = {isa = PBXFileReference; fileEncoding = 4; lastKnownFileType = sourcecode.c.objc; path = "NSMutableDictionary+JavaScript.m"; sourceTree = "<group>"; };
		0A4D019F1853DFE400B34D3B /* NSMutableDictionary+SS.h */ = {isa = PBXFileReference; fileEncoding = 4; lastKnownFileType = sourcecode.c.h; path = "NSMutableDictionary+SS.h"; sourceTree = "<group>"; };
		0A4D01A01853DFE400B34D3B /* NSMutableDictionary+SS.m */ = {isa = PBXFileReference; fileEncoding = 4; lastKnownFileType = sourcecode.c.objc; path = "NSMutableDictionary+SS.m"; sourceTree = "<group>"; };
		0A4D01A11853DFE400B34D3B /* NSMutableString+JavaScript.h */ = {isa = PBXFileReference; fileEncoding = 4; lastKnownFileType = sourcecode.c.h; path = "NSMutableString+JavaScript.h"; sourceTree = "<group>"; };
		0A4D01A21853DFE400B34D3B /* NSMutableString+JavaScript.m */ = {isa = PBXFileReference; fileEncoding = 4; lastKnownFileType = sourcecode.c.objc; path = "NSMutableString+JavaScript.m"; sourceTree = "<group>"; };
		0A4D01A31853DFE400B34D3B /* NSMutableString+SS.h */ = {isa = PBXFileReference; fileEncoding = 4; lastKnownFileType = sourcecode.c.h; path = "NSMutableString+SS.h"; sourceTree = "<group>"; };
		0A4D01A41853DFE400B34D3B /* NSMutableString+SS.m */ = {isa = PBXFileReference; fileEncoding = 4; lastKnownFileType = sourcecode.c.objc; path = "NSMutableString+SS.m"; sourceTree = "<group>"; };
		0A4D01A51853DFE400B34D3B /* NSNumber+JavaScript.h */ = {isa = PBXFileReference; fileEncoding = 4; lastKnownFileType = sourcecode.c.h; path = "NSNumber+JavaScript.h"; sourceTree = "<group>"; };
		0A4D01A61853DFE400B34D3B /* NSNumber+JavaScript.m */ = {isa = PBXFileReference; fileEncoding = 4; lastKnownFileType = sourcecode.c.objc; path = "NSNumber+JavaScript.m"; sourceTree = "<group>"; };
		0A4D01A71853DFE400B34D3B /* NSNumber+SS.h */ = {isa = PBXFileReference; fileEncoding = 4; lastKnownFileType = sourcecode.c.h; path = "NSNumber+SS.h"; sourceTree = "<group>"; };
		0A4D01A81853DFE400B34D3B /* NSNumber+SS.m */ = {isa = PBXFileReference; fileEncoding = 4; lastKnownFileType = sourcecode.c.objc; path = "NSNumber+SS.m"; sourceTree = "<group>"; };
		0A4D01A91853DFE400B34D3B /* NSObject+JavaScript.h */ = {isa = PBXFileReference; fileEncoding = 4; lastKnownFileType = sourcecode.c.h; path = "NSObject+JavaScript.h"; sourceTree = "<group>"; };
		0A4D01AA1853DFE400B34D3B /* NSObject+JavaScript.m */ = {isa = PBXFileReference; fileEncoding = 4; lastKnownFileType = sourcecode.c.objc; path = "NSObject+JavaScript.m"; sourceTree = "<group>"; };
		0A4D01AB1853DFE400B34D3B /* NSObject+SS.h */ = {isa = PBXFileReference; fileEncoding = 4; lastKnownFileType = sourcecode.c.h; path = "NSObject+SS.h"; sourceTree = "<group>"; };
		0A4D01AC1853DFE400B34D3B /* NSObject+SS.m */ = {isa = PBXFileReference; fileEncoding = 4; lastKnownFileType = sourcecode.c.objc; path = "NSObject+SS.m"; sourceTree = "<group>"; };
		0A4D01AD1853DFE400B34D3B /* NSString+JavaScript.h */ = {isa = PBXFileReference; fileEncoding = 4; lastKnownFileType = sourcecode.c.h; path = "NSString+JavaScript.h"; sourceTree = "<group>"; };
		0A4D01AE1853DFE400B34D3B /* NSString+JavaScript.m */ = {isa = PBXFileReference; fileEncoding = 4; lastKnownFileType = sourcecode.c.objc; path = "NSString+JavaScript.m"; sourceTree = "<group>"; };
		0A4D01AF1853DFE400B34D3B /* NSString+SS.h */ = {isa = PBXFileReference; fileEncoding = 4; lastKnownFileType = sourcecode.c.h; path = "NSString+SS.h"; sourceTree = "<group>"; };
		0A4D01B01853DFE400B34D3B /* NSString+SS.m */ = {isa = PBXFileReference; fileEncoding = 4; lastKnownFileType = sourcecode.c.objc; path = "NSString+SS.m"; sourceTree = "<group>"; };
		0A4D01B11853DFE400B34D3B /* NSString+Versioning.h */ = {isa = PBXFileReference; fileEncoding = 4; lastKnownFileType = sourcecode.c.h; path = "NSString+Versioning.h"; sourceTree = "<group>"; };
		0A4D01B21853DFE400B34D3B /* NSString+Versioning.m */ = {isa = PBXFileReference; fileEncoding = 4; lastKnownFileType = sourcecode.c.objc; path = "NSString+Versioning.m"; sourceTree = "<group>"; };
		0A4D01B31853DFE400B34D3B /* SS.h */ = {isa = PBXFileReference; fileEncoding = 4; lastKnownFileType = sourcecode.c.h; path = SS.h; sourceTree = "<group>"; };
		0A4D01B41853DFE400B34D3B /* SS.m */ = {isa = PBXFileReference; fileEncoding = 4; lastKnownFileType = sourcecode.c.objc; path = SS.m; sourceTree = "<group>"; };
		0A4D01B51853DFE400B34D3B /* SS+Functions.h */ = {isa = PBXFileReference; fileEncoding = 4; lastKnownFileType = sourcecode.c.h; path = "SS+Functions.h"; sourceTree = "<group>"; };
		0A4D01B61853DFE400B34D3B /* SS+Functions.m */ = {isa = PBXFileReference; fileEncoding = 4; lastKnownFileType = sourcecode.c.objc; path = "SS+Functions.m"; sourceTree = "<group>"; };
		0A4D01B71853DFE400B34D3B /* SS+JavaScript.h */ = {isa = PBXFileReference; fileEncoding = 4; lastKnownFileType = sourcecode.c.h; path = "SS+JavaScript.h"; sourceTree = "<group>"; };
		0A4D01B81853DFE400B34D3B /* SS+JavaScript.m */ = {isa = PBXFileReference; fileEncoding = 4; lastKnownFileType = sourcecode.c.objc; path = "SS+JavaScript.m"; sourceTree = "<group>"; };
		0A4D01B91853DFE400B34D3B /* SS+System.h */ = {isa = PBXFileReference; fileEncoding = 4; lastKnownFileType = sourcecode.c.h; path = "SS+System.h"; sourceTree = "<group>"; };
		0A4D01BA1853DFE400B34D3B /* SS+System.m */ = {isa = PBXFileReference; fileEncoding = 4; lastKnownFileType = sourcecode.c.objc; path = "SS+System.m"; sourceTree = "<group>"; };
		0A4D01BB1853DFE400B34D3B /* SS+Types.h */ = {isa = PBXFileReference; fileEncoding = 4; lastKnownFileType = sourcecode.c.h; path = "SS+Types.h"; sourceTree = "<group>"; };
		0A4D01BC1853DFE400B34D3B /* SS+Types.m */ = {isa = PBXFileReference; fileEncoding = 4; lastKnownFileType = sourcecode.c.objc; path = "SS+Types.m"; sourceTree = "<group>"; };
		0A4D01BD1853DFE400B34D3B /* SSArguments.h */ = {isa = PBXFileReference; fileEncoding = 4; lastKnownFileType = sourcecode.c.h; path = SSArguments.h; sourceTree = "<group>"; };
		0A4D01BE1853DFE400B34D3B /* SSTypes.h */ = {isa = PBXFileReference; fileEncoding = 4; lastKnownFileType = sourcecode.c.h; path = SSTypes.h; sourceTree = "<group>"; };
		0A4D01BF1853DFE400B34D3B /* SubjectiveScript.h */ = {isa = PBXFileReference; fileEncoding = 4; lastKnownFileType = sourcecode.c.h; path = SubjectiveScript.h; sourceTree = "<group>"; };
		0A4D01C01853DFE400B34D3B /* SubjectiveScript.m */ = {isa = PBXFileReference; fileEncoding = 4; lastKnownFileType = sourcecode.c.objc; path = SubjectiveScript.m; sourceTree = "<group>"; };
		0A7EF1FE15CA2C9100693F87 /* LICENSE */ = {isa = PBXFileReference; lastKnownFileType = text; path = LICENSE; sourceTree = "<group>"; };
		0A7EF1FF15CA2C9100693F87 /* README.md */ = {isa = PBXFileReference; lastKnownFileType = text; path = README.md; sourceTree = "<group>"; };
		0AA55DA015D2633F0069DD2E /* libSubjectiveScript.m-ios.a */ = {isa = PBXFileReference; explicitFileType = archive.ar; includeInIndex = 0; path = "libSubjectiveScript.m-ios.a"; sourceTree = BUILT_PRODUCTS_DIR; };
		0AA55DAE15D263400069DD2E /* SubjectiveScript.m-iosTests.octest */ = {isa = PBXFileReference; explicitFileType = wrapper.cfbundle; includeInIndex = 0; path = "SubjectiveScript.m-iosTests.octest"; sourceTree = BUILT_PRODUCTS_DIR; };
		0AA55DC815D263540069DD2E /* libSubjectiveScript.m-osx.a */ = {isa = PBXFileReference; explicitFileType = archive.ar; includeInIndex = 0; path = "libSubjectiveScript.m-osx.a"; sourceTree = BUILT_PRODUCTS_DIR; };
		0AA55DD515D263550069DD2E /* SubjectiveScript.m-osxTests.octest */ = {isa = PBXFileReference; explicitFileType = wrapper.cfbundle; includeInIndex = 0; path = "SubjectiveScript.m-osxTests.octest"; sourceTree = BUILT_PRODUCTS_DIR; };
		0AA55DEC15D263740069DD2E /* SubjectiveScript.m-ios-Prefix.pch */ = {isa = PBXFileReference; lastKnownFileType = sourcecode.c.h; path = "SubjectiveScript.m-ios-Prefix.pch"; sourceTree = "<group>"; };
		0AA55DF115D263740069DD2E /* en */ = {isa = PBXFileReference; lastKnownFileType = text.plist.strings; name = en; path = en.lproj/InfoPlist.strings; sourceTree = "<group>"; };
		0AA55DF215D263740069DD2E /* SubjectiveScript.m-iosTests-Info.plist */ = {isa = PBXFileReference; lastKnownFileType = text.plist.xml; path = "SubjectiveScript.m-iosTests-Info.plist"; sourceTree = "<group>"; };
		0AA55DF615D263740069DD2E /* SubjectiveScript.m-osx-Prefix.pch */ = {isa = PBXFileReference; lastKnownFileType = sourcecode.c.h; path = "SubjectiveScript.m-osx-Prefix.pch"; sourceTree = "<group>"; };
		0AA55DFB15D263740069DD2E /* en */ = {isa = PBXFileReference; lastKnownFileType = text.plist.strings; name = en; path = en.lproj/InfoPlist.strings; sourceTree = "<group>"; };
		0AA55DFC15D263740069DD2E /* SubjectiveScript.m-osxTests-Info.plist */ = {isa = PBXFileReference; lastKnownFileType = text.plist.xml; path = "SubjectiveScript.m-osxTests-Info.plist"; sourceTree = "<group>"; };
		0AA55E0215D263830069DD2E /* Array+JavaScriptTests.h */ = {isa = PBXFileReference; fileEncoding = 4; lastKnownFileType = sourcecode.c.h; path = "Array+JavaScriptTests.h"; sourceTree = "<group>"; };
		0AA55E0315D263830069DD2E /* Array+JavaScriptTests.m */ = {isa = PBXFileReference; fileEncoding = 4; lastKnownFileType = sourcecode.c.objc; path = "Array+JavaScriptTests.m"; sourceTree = "<group>"; };
		0AA55E0415D263830069DD2E /* Date+JavaScriptTests.h */ = {isa = PBXFileReference; fileEncoding = 4; lastKnownFileType = sourcecode.c.h; path = "Date+JavaScriptTests.h"; sourceTree = "<group>"; };
		0AA55E0515D263830069DD2E /* Date+JavaScriptTests.m */ = {isa = PBXFileReference; fileEncoding = 4; lastKnownFileType = sourcecode.c.objc; path = "Date+JavaScriptTests.m"; sourceTree = "<group>"; };
		0AA55E0615D263830069DD2E /* Functions+JavaScriptTests.h */ = {isa = PBXFileReference; fileEncoding = 4; lastKnownFileType = sourcecode.c.h; path = "Functions+JavaScriptTests.h"; sourceTree = "<group>"; };
		0AA55E0715D263830069DD2E /* Functions+JavaScriptTests.m */ = {isa = PBXFileReference; fileEncoding = 4; lastKnownFileType = sourcecode.c.objc; path = "Functions+JavaScriptTests.m"; sourceTree = "<group>"; };
		0AA55E0815D263830069DD2E /* NSObject+JavaScriptTests.h */ = {isa = PBXFileReference; fileEncoding = 4; lastKnownFileType = sourcecode.c.h; path = "NSObject+JavaScriptTests.h"; sourceTree = "<group>"; };
		0AA55E0915D263830069DD2E /* NSObject+JavaScriptTests.m */ = {isa = PBXFileReference; fileEncoding = 4; lastKnownFileType = sourcecode.c.objc; path = "NSObject+JavaScriptTests.m"; sourceTree = "<group>"; };
		0AA55E0A15D263830069DD2E /* Number+JavaScriptTests.h */ = {isa = PBXFileReference; fileEncoding = 4; lastKnownFileType = sourcecode.c.h; path = "Number+JavaScriptTests.h"; sourceTree = "<group>"; };
		0AA55E0B15D263830069DD2E /* Number+JavaScriptTests.m */ = {isa = PBXFileReference; fileEncoding = 4; lastKnownFileType = sourcecode.c.objc; path = "Number+JavaScriptTests.m"; sourceTree = "<group>"; };
		0AA55E0C15D263830069DD2E /* Object+JavaScriptTests.h */ = {isa = PBXFileReference; fileEncoding = 4; lastKnownFileType = sourcecode.c.h; path = "Object+JavaScriptTests.h"; sourceTree = "<group>"; };
		0AA55E0D15D263830069DD2E /* Object+JavaScriptTests.m */ = {isa = PBXFileReference; fileEncoding = 4; lastKnownFileType = sourcecode.c.objc; path = "Object+JavaScriptTests.m"; sourceTree = "<group>"; };
		0AA55E0E15D263830069DD2E /* SS+JavaScriptTests.h */ = {isa = PBXFileReference; fileEncoding = 4; lastKnownFileType = sourcecode.c.h; path = "SS+JavaScriptTests.h"; sourceTree = "<group>"; };
		0AA55E0F15D263830069DD2E /* SS+JavaScriptTests.m */ = {isa = PBXFileReference; fileEncoding = 4; lastKnownFileType = sourcecode.c.objc; path = "SS+JavaScriptTests.m"; sourceTree = "<group>"; };
		0AA55E1015D263830069DD2E /* String+JavaScriptTests.h */ = {isa = PBXFileReference; fileEncoding = 4; lastKnownFileType = sourcecode.c.h; path = "String+JavaScriptTests.h"; sourceTree = "<group>"; };
		0AA55E1115D263830069DD2E /* String+JavaScriptTests.m */ = {isa = PBXFileReference; fileEncoding = 4; lastKnownFileType = sourcecode.c.objc; path = "String+JavaScriptTests.m"; sourceTree = "<group>"; };
		0AA55E1215D263830069DD2E /* SubjectiveScriptTests.h */ = {isa = PBXFileReference; fileEncoding = 4; lastKnownFileType = sourcecode.c.h; path = SubjectiveScriptTests.h; sourceTree = "<group>"; };
		0AA55E1315D263830069DD2E /* SubjectiveScriptTests.m */ = {isa = PBXFileReference; fileEncoding = 4; lastKnownFileType = sourcecode.c.objc; path = SubjectiveScriptTests.m; sourceTree = "<group>"; };
		0AA55E1515D263830069DD2E /* Array+SSTests.h */ = {isa = PBXFileReference; fileEncoding = 4; lastKnownFileType = sourcecode.c.h; path = "Array+SSTests.h"; sourceTree = "<group>"; };
		0AA55E1615D263830069DD2E /* Array+SSTests.m */ = {isa = PBXFileReference; fileEncoding = 4; lastKnownFileType = sourcecode.c.objc; path = "Array+SSTests.m"; sourceTree = "<group>"; };
		0AA55E1715D263830069DD2E /* Date+SSTests.h */ = {isa = PBXFileReference; fileEncoding = 4; lastKnownFileType = sourcecode.c.h; path = "Date+SSTests.h"; sourceTree = "<group>"; };
		0AA55E1815D263830069DD2E /* Date+SSTests.m */ = {isa = PBXFileReference; fileEncoding = 4; lastKnownFileType = sourcecode.c.objc; path = "Date+SSTests.m"; sourceTree = "<group>"; };
		0AA55E1915D263830069DD2E /* NSObject+SSTests.h */ = {isa = PBXFileReference; fileEncoding = 4; lastKnownFileType = sourcecode.c.h; path = "NSObject+SSTests.h"; sourceTree = "<group>"; };
		0AA55E1A15D263830069DD2E /* NSObject+SSTests.m */ = {isa = PBXFileReference; fileEncoding = 4; lastKnownFileType = sourcecode.c.objc; path = "NSObject+SSTests.m"; sourceTree = "<group>"; };
		0AA55E1B15D263830069DD2E /* Number+SSTests.h */ = {isa = PBXFileReference; fileEncoding = 4; lastKnownFileType = sourcecode.c.h; path = "Number+SSTests.h"; sourceTree = "<group>"; };
		0AA55E1C15D263830069DD2E /* Number+SSTests.m */ = {isa = PBXFileReference; fileEncoding = 4; lastKnownFileType = sourcecode.c.objc; path = "Number+SSTests.m"; sourceTree = "<group>"; };
		0AA55E1D15D263830069DD2E /* Object+SSTests.h */ = {isa = PBXFileReference; fileEncoding = 4; lastKnownFileType = sourcecode.c.h; path = "Object+SSTests.h"; sourceTree = "<group>"; };
		0AA55E1E15D263830069DD2E /* Object+SSTests.m */ = {isa = PBXFileReference; fileEncoding = 4; lastKnownFileType = sourcecode.c.objc; path = "Object+SSTests.m"; sourceTree = "<group>"; };
		0AA55E1F15D263830069DD2E /* String+SSTests.h */ = {isa = PBXFileReference; fileEncoding = 4; lastKnownFileType = sourcecode.c.h; path = "String+SSTests.h"; sourceTree = "<group>"; };
		0AA55E2015D263830069DD2E /* String+SSTests.m */ = {isa = PBXFileReference; fileEncoding = 4; lastKnownFileType = sourcecode.c.objc; path = "String+SSTests.m"; sourceTree = "<group>"; };
		0AA5725B15CB90AD00F54B36 /* libQUnit.m_OSX.a */ = {isa = PBXFileReference; lastKnownFileType = archive.ar; name = libQUnit.m_OSX.a; path = Pods/build/Debug/libQUnit.m_OSX.a; sourceTree = "<group>"; };
		0AFE255315B59CD1008A8BA9 /* Foundation.framework */ = {isa = PBXFileReference; includeInIndex = 1; lastKnownFileType = wrapper.framework; name = Foundation.framework; path = System/Library/Frameworks/Foundation.framework; sourceTree = SDKROOT; };
		0AFE256115B59CD1008A8BA9 /* SenTestingKit.framework */ = {isa = PBXFileReference; includeInIndex = 1; lastKnownFileType = wrapper.framework; name = SenTestingKit.framework; path = Library/Frameworks/SenTestingKit.framework; sourceTree = DEVELOPER_DIR; };
		34263E84CDC14AA89D62033A /* Pods-SubjectiveScript.m-iosTests.xcconfig */ = {isa = PBXFileReference; includeInIndex = 1; lastKnownFileType = text.xcconfig; name = "Pods-SubjectiveScript.m-iosTests.xcconfig"; path = "Pods/Pods-SubjectiveScript.m-iosTests.xcconfig"; sourceTree = SOURCE_ROOT; };
		6CDA3CFB7A484109BB5DECBF /* Pods-SubjectiveScript.m-osxTests.xcconfig */ = {isa = PBXFileReference; includeInIndex = 1; lastKnownFileType = text.xcconfig; name = "Pods-SubjectiveScript.m-osxTests.xcconfig"; path = "Pods/Pods-SubjectiveScript.m-osxTests.xcconfig"; sourceTree = SOURCE_ROOT; };
		9C1B64D0217843EC9BA11AB6 /* libPods-SubjectiveScript.m-osxTests.a */ = {isa = PBXFileReference; explicitFileType = archive.ar; includeInIndex = 0; path = "libPods-SubjectiveScript.m-osxTests.a"; sourceTree = BUILT_PRODUCTS_DIR; };
		BA53EF3384D142819093EF73 /* libPods.a */ = {isa = PBXFileReference; explicitFileType = archive.ar; includeInIndex = 0; path = libPods.a; sourceTree = BUILT_PRODUCTS_DIR; };
		F4717B354D0C4BE6B4851841 /* libPods-SubjectiveScript.m-iosTests.a */ = {isa = PBXFileReference; explicitFileType = archive.ar; includeInIndex = 0; path = "libPods-SubjectiveScript.m-iosTests.a"; sourceTree = BUILT_PRODUCTS_DIR; };
/* End PBXFileReference section */

/* Begin PBXFrameworksBuildPhase section */
		0AA55D9D15D2633F0069DD2E /* Frameworks */ = {
			isa = PBXFrameworksBuildPhase;
			buildActionMask = 2147483647;
			files = (
				0AA55DA115D2633F0069DD2E /* Foundation.framework in Frameworks */,
			);
			runOnlyForDeploymentPostprocessing = 0;
		};
		0AA55DAA15D263400069DD2E /* Frameworks */ = {
			isa = PBXFrameworksBuildPhase;
			buildActionMask = 2147483647;
			files = (
				0AA55DAF15D263400069DD2E /* SenTestingKit.framework in Frameworks */,
				0AA55DB015D263400069DD2E /* UIKit.framework in Frameworks */,
				0AA55DB115D263400069DD2E /* Foundation.framework in Frameworks */,
				0AA55DB415D263400069DD2E /* libSubjectiveScript.m-ios.a in Frameworks */,
				0F35F7C3F72944668D2792AA /* libPods-SubjectiveScript.m-iosTests.a in Frameworks */,
			);
			runOnlyForDeploymentPostprocessing = 0;
		};
		0AA55DC515D263540069DD2E /* Frameworks */ = {
			isa = PBXFrameworksBuildPhase;
			buildActionMask = 2147483647;
			files = (
				0AA55DC915D263550069DD2E /* Cocoa.framework in Frameworks */,
			);
			runOnlyForDeploymentPostprocessing = 0;
		};
		0AA55DD115D263550069DD2E /* Frameworks */ = {
			isa = PBXFrameworksBuildPhase;
			buildActionMask = 2147483647;
			files = (
				0AA55DD615D263550069DD2E /* SenTestingKit.framework in Frameworks */,
				0AA55DD715D263550069DD2E /* Cocoa.framework in Frameworks */,
				0AA55DDA15D263550069DD2E /* libSubjectiveScript.m-osx.a in Frameworks */,
				A83A275BD2A14318BD42B152 /* libPods-SubjectiveScript.m-osxTests.a in Frameworks */,
			);
			runOnlyForDeploymentPostprocessing = 0;
		};
/* End PBXFrameworksBuildPhase section */

/* Begin PBXGroup section */
		0A1A2ABA15CB79990052BCC9 /* Other Frameworks */ = {
			isa = PBXGroup;
			children = (
				0A1A2ABB15CB79990052BCC9 /* AppKit.framework */,
				0A1A2ABC15CB79990052BCC9 /* CoreData.framework */,
				0A1A2ABD15CB79990052BCC9 /* Foundation.framework */,
			);
			name = "Other Frameworks";
			sourceTree = "<group>";
		};
		0AA55DEA15D263740069DD2E /* Config */ = {
			isa = PBXGroup;
			children = (
				0AA55DEB15D263740069DD2E /* SubjectiveScript.m-ios */,
				0AA55DEF15D263740069DD2E /* SubjectiveScript.m-iosTests */,
				0AA55DF515D263740069DD2E /* SubjectiveScript.m-osx */,
				0AA55DF915D263740069DD2E /* SubjectiveScript.m-osxTests */,
			);
			path = Config;
			sourceTree = "<group>";
		};
		0AA55DEB15D263740069DD2E /* SubjectiveScript.m-ios */ = {
			isa = PBXGroup;
			children = (
				0AA55DEC15D263740069DD2E /* SubjectiveScript.m-ios-Prefix.pch */,
			);
			path = "SubjectiveScript.m-ios";
			sourceTree = "<group>";
		};
		0AA55DEF15D263740069DD2E /* SubjectiveScript.m-iosTests */ = {
			isa = PBXGroup;
			children = (
				0AA55DF015D263740069DD2E /* InfoPlist.strings */,
				0AA55DF215D263740069DD2E /* SubjectiveScript.m-iosTests-Info.plist */,
			);
			path = "SubjectiveScript.m-iosTests";
			sourceTree = "<group>";
		};
		0AA55DF515D263740069DD2E /* SubjectiveScript.m-osx */ = {
			isa = PBXGroup;
			children = (
				0AA55DF615D263740069DD2E /* SubjectiveScript.m-osx-Prefix.pch */,
			);
			path = "SubjectiveScript.m-osx";
			sourceTree = "<group>";
		};
		0AA55DF915D263740069DD2E /* SubjectiveScript.m-osxTests */ = {
			isa = PBXGroup;
			children = (
				0AA55DFA15D263740069DD2E /* InfoPlist.strings */,
				0AA55DFC15D263740069DD2E /* SubjectiveScript.m-osxTests-Info.plist */,
			);
			path = "SubjectiveScript.m-osxTests";
			sourceTree = "<group>";
		};
		0AA55DFF15D263830069DD2E /* Tests */ = {
			isa = PBXGroup;
			children = (
				0AA55E0015D263830069DD2E /* Helpers */,
				0AA55E0115D263830069DD2E /* JavaScript */,
				0AA55E1215D263830069DD2E /* SubjectiveScriptTests.h */,
				0AA55E1315D263830069DD2E /* SubjectiveScriptTests.m */,
				0AA55E1415D263830069DD2E /* Types */,
			);
			path = Tests;
			sourceTree = "<group>";
		};
		0AA55E0015D263830069DD2E /* Helpers */ = {
			isa = PBXGroup;
			children = (
			);
			path = Helpers;
			sourceTree = "<group>";
		};
		0AA55E0115D263830069DD2E /* JavaScript */ = {
			isa = PBXGroup;
			children = (
				0AA55E0215D263830069DD2E /* Array+JavaScriptTests.h */,
				0AA55E0315D263830069DD2E /* Array+JavaScriptTests.m */,
				0AA55E0415D263830069DD2E /* Date+JavaScriptTests.h */,
				0AA55E0515D263830069DD2E /* Date+JavaScriptTests.m */,
				0AA55E0615D263830069DD2E /* Functions+JavaScriptTests.h */,
				0AA55E0715D263830069DD2E /* Functions+JavaScriptTests.m */,
				0AA55E0815D263830069DD2E /* NSObject+JavaScriptTests.h */,
				0AA55E0915D263830069DD2E /* NSObject+JavaScriptTests.m */,
				0AA55E0A15D263830069DD2E /* Number+JavaScriptTests.h */,
				0AA55E0B15D263830069DD2E /* Number+JavaScriptTests.m */,
				0AA55E0C15D263830069DD2E /* Object+JavaScriptTests.h */,
				0AA55E0D15D263830069DD2E /* Object+JavaScriptTests.m */,
				0AA55E0E15D263830069DD2E /* SS+JavaScriptTests.h */,
				0AA55E0F15D263830069DD2E /* SS+JavaScriptTests.m */,
				0AA55E1015D263830069DD2E /* String+JavaScriptTests.h */,
				0AA55E1115D263830069DD2E /* String+JavaScriptTests.m */,
			);
			path = JavaScript;
			sourceTree = "<group>";
		};
		0AA55E1415D263830069DD2E /* Types */ = {
			isa = PBXGroup;
			children = (
				0AA55E1515D263830069DD2E /* Array+SSTests.h */,
				0AA55E1615D263830069DD2E /* Array+SSTests.m */,
				0AA55E1715D263830069DD2E /* Date+SSTests.h */,
				0AA55E1815D263830069DD2E /* Date+SSTests.m */,
				0AA55E1915D263830069DD2E /* NSObject+SSTests.h */,
				0AA55E1A15D263830069DD2E /* NSObject+SSTests.m */,
				0AA55E1B15D263830069DD2E /* Number+SSTests.h */,
				0AA55E1C15D263830069DD2E /* Number+SSTests.m */,
				0AA55E1D15D263830069DD2E /* Object+SSTests.h */,
				0AA55E1E15D263830069DD2E /* Object+SSTests.m */,
				0AA55E1F15D263830069DD2E /* String+SSTests.h */,
				0AA55E2015D263830069DD2E /* String+SSTests.m */,
			);
			path = Types;
			sourceTree = "<group>";
		};
		0AF9DC6C1853CF7800FC2F76 /* Classes */ = {
			isa = PBXGroup;
			children = (
				0A4D018B1853DFE400B34D3B /* NSArray+JavaScript.h */,
				0A4D018C1853DFE400B34D3B /* NSArray+JavaScript.m */,
				0A4D018D1853DFE400B34D3B /* NSArray+SS.h */,
				0A4D018E1853DFE400B34D3B /* NSArray+SS.m */,
				0A4D018F1853DFE400B34D3B /* NSDate+JavaScript.h */,
				0A4D01901853DFE400B34D3B /* NSDate+JavaScript.m */,
				0A4D01911853DFE400B34D3B /* NSDate+SS.h */,
				0A4D01921853DFE400B34D3B /* NSDate+SS.m */,
				0A4D01931853DFE400B34D3B /* NSDictionary+JavaScript.h */,
				0A4D01941853DFE400B34D3B /* NSDictionary+JavaScript.m */,
				0A4D01951853DFE400B34D3B /* NSDictionary+NamedProperties.h */,
				0A4D01961853DFE400B34D3B /* NSDictionary+NamedProperties.m */,
				0A4D01971853DFE400B34D3B /* NSDictionary+SS.h */,
				0A4D01981853DFE400B34D3B /* NSDictionary+SS.m */,
				0A4D01991853DFE400B34D3B /* NSMutableArray+JavaScript.h */,
				0A4D019A1853DFE400B34D3B /* NSMutableArray+JavaScript.m */,
				0A4D019B1853DFE400B34D3B /* NSMutableArray+SS.h */,
				0A4D019C1853DFE400B34D3B /* NSMutableArray+SS.m */,
				0A4D019D1853DFE400B34D3B /* NSMutableDictionary+JavaScript.h */,
				0A4D019E1853DFE400B34D3B /* NSMutableDictionary+JavaScript.m */,
				0A4D019F1853DFE400B34D3B /* NSMutableDictionary+SS.h */,
				0A4D01A01853DFE400B34D3B /* NSMutableDictionary+SS.m */,
				0A4D01A11853DFE400B34D3B /* NSMutableString+JavaScript.h */,
				0A4D01A21853DFE400B34D3B /* NSMutableString+JavaScript.m */,
				0A4D01A31853DFE400B34D3B /* NSMutableString+SS.h */,
				0A4D01A41853DFE400B34D3B /* NSMutableString+SS.m */,
				0A4D01A51853DFE400B34D3B /* NSNumber+JavaScript.h */,
				0A4D01A61853DFE400B34D3B /* NSNumber+JavaScript.m */,
				0A4D01A71853DFE400B34D3B /* NSNumber+SS.h */,
				0A4D01A81853DFE400B34D3B /* NSNumber+SS.m */,
				0A4D01A91853DFE400B34D3B /* NSObject+JavaScript.h */,
				0A4D01AA1853DFE400B34D3B /* NSObject+JavaScript.m */,
				0A4D01AB1853DFE400B34D3B /* NSObject+SS.h */,
				0A4D01AC1853DFE400B34D3B /* NSObject+SS.m */,
				0A4D01AD1853DFE400B34D3B /* NSString+JavaScript.h */,
				0A4D01AE1853DFE400B34D3B /* NSString+JavaScript.m */,
				0A4D01AF1853DFE400B34D3B /* NSString+SS.h */,
				0A4D01B01853DFE400B34D3B /* NSString+SS.m */,
				0A4D01B11853DFE400B34D3B /* NSString+Versioning.h */,
				0A4D01B21853DFE400B34D3B /* NSString+Versioning.m */,
				0A4D01B31853DFE400B34D3B /* SS.h */,
				0A4D01B41853DFE400B34D3B /* SS.m */,
				0A4D01B51853DFE400B34D3B /* SS+Functions.h */,
				0A4D01B61853DFE400B34D3B /* SS+Functions.m */,
				0A4D01B71853DFE400B34D3B /* SS+JavaScript.h */,
				0A4D01B81853DFE400B34D3B /* SS+JavaScript.m */,
				0A4D01B91853DFE400B34D3B /* SS+System.h */,
				0A4D01BA1853DFE400B34D3B /* SS+System.m */,
				0A4D01BB1853DFE400B34D3B /* SS+Types.h */,
				0A4D01BC1853DFE400B34D3B /* SS+Types.m */,
				0A4D01BD1853DFE400B34D3B /* SSArguments.h */,
				0A4D01BE1853DFE400B34D3B /* SSTypes.h */,
				0A4D01BF1853DFE400B34D3B /* SubjectiveScript.h */,
				0A4D01C01853DFE400B34D3B /* SubjectiveScript.m */,
			);
			path = Classes;
			sourceTree = "<group>";
		};
		0AFE254515B59CD1008A8BA9 = {
			isa = PBXGroup;
			children = (
				0A7EF1FF15CA2C9100693F87 /* README.md */,
				0A7EF1FE15CA2C9100693F87 /* LICENSE */,
				0AF9DC6C1853CF7800FC2F76 /* Classes */,
				0AA55DFF15D263830069DD2E /* Tests */,
				0AA55DEA15D263740069DD2E /* Config */,
				0AFE255215B59CD1008A8BA9 /* Frameworks */,
				0AFE255115B59CD1008A8BA9 /* Products */,
				34263E84CDC14AA89D62033A /* Pods-SubjectiveScript.m-iosTests.xcconfig */,
				6CDA3CFB7A484109BB5DECBF /* Pods-SubjectiveScript.m-osxTests.xcconfig */,
			);
			sourceTree = "<group>";
		};
		0AFE255115B59CD1008A8BA9 /* Products */ = {
			isa = PBXGroup;
			children = (
				0AA55DA015D2633F0069DD2E /* libSubjectiveScript.m-ios.a */,
				0AA55DAE15D263400069DD2E /* SubjectiveScript.m-iosTests.octest */,
				0AA55DC815D263540069DD2E /* libSubjectiveScript.m-osx.a */,
				0AA55DD515D263550069DD2E /* SubjectiveScript.m-osxTests.octest */,
			);
			name = Products;
			sourceTree = "<group>";
		};
		0AFE255215B59CD1008A8BA9 /* Frameworks */ = {
			isa = PBXGroup;
			children = (
				0A14EEC715CB9DF20098AC02 /* libQUnit.m_iOS.a */,
				0AA5725B15CB90AD00F54B36 /* libQUnit.m_OSX.a */,
				0A1A2AF015CB7A580052BCC9 /* Cocoa.framework */,
				0A1A2AED15CB7A4A0052BCC9 /* UIKit.framework */,
				0AFE255315B59CD1008A8BA9 /* Foundation.framework */,
				0AFE256115B59CD1008A8BA9 /* SenTestingKit.framework */,
				0A1A2ABA15CB79990052BCC9 /* Other Frameworks */,
				BA53EF3384D142819093EF73 /* libPods.a */,
				F4717B354D0C4BE6B4851841 /* libPods-SubjectiveScript.m-iosTests.a */,
				9C1B64D0217843EC9BA11AB6 /* libPods-SubjectiveScript.m-osxTests.a */,
			);
			name = Frameworks;
			sourceTree = "<group>";
		};
/* End PBXGroup section */

/* Begin PBXHeadersBuildPhase section */
		0AA55DC615D263540069DD2E /* Headers */ = {
			isa = PBXHeadersBuildPhase;
			buildActionMask = 2147483647;
			files = (
				0A4D01EB1853DFE400B34D3B /* NSNumber+SS.h in Headers */,
				0A4D01C71853DFE400B34D3B /* NSDate+JavaScript.h in Headers */,
				0A4D01FA1853DFE400B34D3B /* NSString+Versioning.h in Headers */,
				0A4D01F71853DFE400B34D3B /* NSString+SS.h in Headers */,
				0A4D01CD1853DFE400B34D3B /* NSDictionary+JavaScript.h in Headers */,
				0A4D01DF1853DFE400B34D3B /* NSMutableDictionary+SS.h in Headers */,
				0A4D020D1853DFE400B34D3B /* SSTypes.h in Headers */,
				0A4D01CA1853DFE400B34D3B /* NSDate+SS.h in Headers */,
				0A4D02061853DFE400B34D3B /* SS+System.h in Headers */,
				0A4D01F41853DFE400B34D3B /* NSString+JavaScript.h in Headers */,
				0A4D01EE1853DFE400B34D3B /* NSObject+JavaScript.h in Headers */,
				0A4D01F11853DFE400B34D3B /* NSObject+SS.h in Headers */,
				0A4D02091853DFE400B34D3B /* SS+Types.h in Headers */,
				0A4D02001853DFE400B34D3B /* SS+Functions.h in Headers */,
				0A4D01D91853DFE400B34D3B /* NSMutableArray+SS.h in Headers */,
				0A4D02031853DFE400B34D3B /* SS+JavaScript.h in Headers */,
				0A4D01E51853DFE400B34D3B /* NSMutableString+SS.h in Headers */,
				0A4D01C11853DFE400B34D3B /* NSArray+JavaScript.h in Headers */,
				0A4D01E21853DFE400B34D3B /* NSMutableString+JavaScript.h in Headers */,
				0A4D01D01853DFE400B34D3B /* NSDictionary+NamedProperties.h in Headers */,
				0A4D01DC1853DFE400B34D3B /* NSMutableDictionary+JavaScript.h in Headers */,
				0A4D020E1853DFE400B34D3B /* SubjectiveScript.h in Headers */,
				0A4D01D61853DFE400B34D3B /* NSMutableArray+JavaScript.h in Headers */,
				0A4D01FD1853DFE400B34D3B /* SS.h in Headers */,
				0A4D01D31853DFE400B34D3B /* NSDictionary+SS.h in Headers */,
				0A4D020C1853DFE400B34D3B /* SSArguments.h in Headers */,
				0A4D01C41853DFE400B34D3B /* NSArray+SS.h in Headers */,
				0A4D01E81853DFE400B34D3B /* NSNumber+JavaScript.h in Headers */,
			);
			runOnlyForDeploymentPostprocessing = 0;
		};
/* End PBXHeadersBuildPhase section */

/* Begin PBXNativeTarget section */
		0AA55D9F15D2633F0069DD2E /* SubjectiveScript.m-ios */ = {
			isa = PBXNativeTarget;
			buildConfigurationList = 0AA55DBE15D263400069DD2E /* Build configuration list for PBXNativeTarget "SubjectiveScript.m-ios" */;
			buildPhases = (
				0AA55D9C15D2633F0069DD2E /* Sources */,
				0AA55D9D15D2633F0069DD2E /* Frameworks */,
				0AA55D9E15D2633F0069DD2E /* CopyFiles */,
			);
			buildRules = (
			);
			dependencies = (
			);
			name = "SubjectiveScript.m-ios";
			productName = "SubjectiveScript.m-ios";
			productReference = 0AA55DA015D2633F0069DD2E /* libSubjectiveScript.m-ios.a */;
			productType = "com.apple.product-type.library.static";
		};
		0AA55DAD15D263400069DD2E /* SubjectiveScript.m-iosTests */ = {
			isa = PBXNativeTarget;
			buildConfigurationList = 0AA55DC115D263400069DD2E /* Build configuration list for PBXNativeTarget "SubjectiveScript.m-iosTests" */;
			buildPhases = (
				0AA55DA915D263400069DD2E /* Sources */,
				0AA55DAA15D263400069DD2E /* Frameworks */,
				0AA55DAB15D263400069DD2E /* Resources */,
				0AA55DAC15D263400069DD2E /* ShellScript */,
				85F342A6E4ED4CC8B3EEDE4C /* Copy Pods Resources */,
			);
			buildRules = (
			);
			dependencies = (
				0AA55DB315D263400069DD2E /* PBXTargetDependency */,
			);
			name = "SubjectiveScript.m-iosTests";
			productName = "SubjectiveScript.m-iosTests";
			productReference = 0AA55DAE15D263400069DD2E /* SubjectiveScript.m-iosTests.octest */;
			productType = "com.apple.product-type.bundle";
		};
		0AA55DC715D263540069DD2E /* SubjectiveScript.m-osx */ = {
			isa = PBXNativeTarget;
			buildConfigurationList = 0AA55DE415D263550069DD2E /* Build configuration list for PBXNativeTarget "SubjectiveScript.m-osx" */;
			buildPhases = (
				0AA55DC415D263540069DD2E /* Sources */,
				0AA55DC515D263540069DD2E /* Frameworks */,
				0AA55DC615D263540069DD2E /* Headers */,
			);
			buildRules = (
			);
			dependencies = (
			);
			name = "SubjectiveScript.m-osx";
			productName = "SubjectiveScript.m-osx";
			productReference = 0AA55DC815D263540069DD2E /* libSubjectiveScript.m-osx.a */;
			productType = "com.apple.product-type.library.static";
		};
		0AA55DD415D263550069DD2E /* SubjectiveScript.m-osxTests */ = {
			isa = PBXNativeTarget;
			buildConfigurationList = 0AA55DE715D263550069DD2E /* Build configuration list for PBXNativeTarget "SubjectiveScript.m-osxTests" */;
			buildPhases = (
				0AA55DD015D263550069DD2E /* Sources */,
				0AA55DD115D263550069DD2E /* Frameworks */,
				0AA55DD215D263550069DD2E /* Resources */,
				0AA55DD315D263550069DD2E /* ShellScript */,
				0784281AC57C4D7EBA71E2D7 /* Copy Pods Resources */,
			);
			buildRules = (
			);
			dependencies = (
				0AA55DD915D263550069DD2E /* PBXTargetDependency */,
			);
			name = "SubjectiveScript.m-osxTests";
			productName = "SubjectiveScript.m-osxTests";
			productReference = 0AA55DD515D263550069DD2E /* SubjectiveScript.m-osxTests.octest */;
			productType = "com.apple.product-type.bundle";
		};
/* End PBXNativeTarget section */

/* Begin PBXProject section */
		0AFE254715B59CD1008A8BA9 /* Project object */ = {
			isa = PBXProject;
			attributes = {
				CLASSPREFIX = SS;
				LastUpgradeCheck = 0500;
				ORGANIZATIONNAME = "Kevin Malakoff";
			};
			buildConfigurationList = 0AFE254A15B59CD1008A8BA9 /* Build configuration list for PBXProject "SubjectiveScript.m" */;
			compatibilityVersion = "Xcode 3.2";
			developmentRegion = English;
			hasScannedForEncodings = 0;
			knownRegions = (
				en,
			);
			mainGroup = 0AFE254515B59CD1008A8BA9;
			productRefGroup = 0AFE255115B59CD1008A8BA9 /* Products */;
			projectDirPath = "";
			projectRoot = "";
			targets = (
				0AA55D9F15D2633F0069DD2E /* SubjectiveScript.m-ios */,
				0AA55DAD15D263400069DD2E /* SubjectiveScript.m-iosTests */,
				0AA55DC715D263540069DD2E /* SubjectiveScript.m-osx */,
				0AA55DD415D263550069DD2E /* SubjectiveScript.m-osxTests */,
			);
		};
/* End PBXProject section */

/* Begin PBXResourcesBuildPhase section */
		0AA55DAB15D263400069DD2E /* Resources */ = {
			isa = PBXResourcesBuildPhase;
			buildActionMask = 2147483647;
			files = (
			);
			runOnlyForDeploymentPostprocessing = 0;
		};
		0AA55DD215D263550069DD2E /* Resources */ = {
			isa = PBXResourcesBuildPhase;
			buildActionMask = 2147483647;
			files = (
			);
			runOnlyForDeploymentPostprocessing = 0;
		};
/* End PBXResourcesBuildPhase section */

/* Begin PBXShellScriptBuildPhase section */
		0784281AC57C4D7EBA71E2D7 /* Copy Pods Resources */ = {
			isa = PBXShellScriptBuildPhase;
			buildActionMask = 2147483647;
			files = (
			);
			inputPaths = (
			);
			name = "Copy Pods Resources";
			outputPaths = (
			);
			runOnlyForDeploymentPostprocessing = 0;
			shellPath = /bin/sh;
			shellScript = "\"${SRCROOT}/Pods/Pods-SubjectiveScript.m-osxTests-resources.sh\"\n";
		};
		0AA55DAC15D263400069DD2E /* ShellScript */ = {
			isa = PBXShellScriptBuildPhase;
			buildActionMask = 2147483647;
			files = (
			);
			inputPaths = (
			);
			outputPaths = (
			);
			runOnlyForDeploymentPostprocessing = 0;
			shellPath = /bin/sh;
			shellScript = "# Run the unit tests in this test bundle.\n\"${SYSTEM_DEVELOPER_DIR}/Tools/RunUnitTests\"\n";
		};
		0AA55DD315D263550069DD2E /* ShellScript */ = {
			isa = PBXShellScriptBuildPhase;
			buildActionMask = 2147483647;
			files = (
			);
			inputPaths = (
			);
			outputPaths = (
			);
			runOnlyForDeploymentPostprocessing = 0;
			shellPath = /bin/sh;
			shellScript = "# Run the unit tests in this test bundle.\n\"${SYSTEM_DEVELOPER_DIR}/Tools/RunUnitTests\"\n";
		};
		85F342A6E4ED4CC8B3EEDE4C /* Copy Pods Resources */ = {
			isa = PBXShellScriptBuildPhase;
			buildActionMask = 2147483647;
			files = (
			);
			inputPaths = (
			);
			name = "Copy Pods Resources";
			outputPaths = (
			);
			runOnlyForDeploymentPostprocessing = 0;
			shellPath = /bin/sh;
			shellScript = "\"${SRCROOT}/Pods/Pods-SubjectiveScript.m-iosTests-resources.sh\"\n";
		};
/* End PBXShellScriptBuildPhase section */

/* Begin PBXSourcesBuildPhase section */
		0AA55D9C15D2633F0069DD2E /* Sources */ = {
			isa = PBXSourcesBuildPhase;
			buildActionMask = 2147483647;
			files = (
				0A4D01EC1853DFE400B34D3B /* NSNumber+SS.m in Sources */,
				0A4D01F21853DFE400B34D3B /* NSObject+SS.m in Sources */,
				0A4D01DA1853DFE400B34D3B /* NSMutableArray+SS.m in Sources */,
				0A4D01F81853DFE400B34D3B /* NSString+SS.m in Sources */,
				0A4D02071853DFE400B34D3B /* SS+System.m in Sources */,
				0A4D01C81853DFE400B34D3B /* NSDate+JavaScript.m in Sources */,
				0A4D02041853DFE400B34D3B /* SS+JavaScript.m in Sources */,
				0A4D01E91853DFE400B34D3B /* NSNumber+JavaScript.m in Sources */,
				0A4D01CE1853DFE400B34D3B /* NSDictionary+JavaScript.m in Sources */,
				0A4D02011853DFE400B34D3B /* SS+Functions.m in Sources */,
				0A4D01FB1853DFE400B34D3B /* NSString+Versioning.m in Sources */,
				0A4D020A1853DFE400B34D3B /* SS+Types.m in Sources */,
				0A4D01E61853DFE400B34D3B /* NSMutableString+SS.m in Sources */,
				0A4D01D71853DFE400B34D3B /* NSMutableArray+JavaScript.m in Sources */,
				0A4D020F1853DFE400B34D3B /* SubjectiveScript.m in Sources */,
				0A4D01D41853DFE400B34D3B /* NSDictionary+SS.m in Sources */,
				0A4D01C51853DFE400B34D3B /* NSArray+SS.m in Sources */,
				0A4D01DD1853DFE400B34D3B /* NSMutableDictionary+JavaScript.m in Sources */,
				0A4D01EF1853DFE400B34D3B /* NSObject+JavaScript.m in Sources */,
				0A4D01E31853DFE400B34D3B /* NSMutableString+JavaScript.m in Sources */,
				0A4D01CB1853DFE400B34D3B /* NSDate+SS.m in Sources */,
				0A4D01F51853DFE400B34D3B /* NSString+JavaScript.m in Sources */,
				0A4D01C21853DFE400B34D3B /* NSArray+JavaScript.m in Sources */,
				0A4D01FE1853DFE400B34D3B /* SS.m in Sources */,
				0A4D01D11853DFE400B34D3B /* NSDictionary+NamedProperties.m in Sources */,
				0A4D01E01853DFE400B34D3B /* NSMutableDictionary+SS.m in Sources */,
			);
			runOnlyForDeploymentPostprocessing = 0;
		};
		0AA55DA915D263400069DD2E /* Sources */ = {
			isa = PBXSourcesBuildPhase;
			buildActionMask = 2147483647;
			files = (
				0AA55E2115D263830069DD2E /* Array+JavaScriptTests.m in Sources */,
				0AA55E2315D263830069DD2E /* Date+JavaScriptTests.m in Sources */,
				0AA55E2515D263830069DD2E /* Functions+JavaScriptTests.m in Sources */,
				0AA55E2715D263830069DD2E /* NSObject+JavaScriptTests.m in Sources */,
				0AA55E2915D263830069DD2E /* Number+JavaScriptTests.m in Sources */,
				0AA55E2B15D263830069DD2E /* Object+JavaScriptTests.m in Sources */,
				0AA55E2D15D263830069DD2E /* SS+JavaScriptTests.m in Sources */,
				0AA55E2F15D263830069DD2E /* String+JavaScriptTests.m in Sources */,
				0AA55E3115D263830069DD2E /* SubjectiveScriptTests.m in Sources */,
				0AA55E3315D263830069DD2E /* Array+SSTests.m in Sources */,
				0AA55E3515D263830069DD2E /* Date+SSTests.m in Sources */,
				0AA55E3715D263830069DD2E /* NSObject+SSTests.m in Sources */,
				0AA55E3915D263830069DD2E /* Number+SSTests.m in Sources */,
				0AA55E3B15D263830069DD2E /* Object+SSTests.m in Sources */,
				0AA55E3D15D263830069DD2E /* String+SSTests.m in Sources */,
			);
			runOnlyForDeploymentPostprocessing = 0;
		};
		0AA55DC415D263540069DD2E /* Sources */ = {
			isa = PBXSourcesBuildPhase;
			buildActionMask = 2147483647;
			files = (
				0A4D01ED1853DFE400B34D3B /* NSNumber+SS.m in Sources */,
				0A4D01F31853DFE400B34D3B /* NSObject+SS.m in Sources */,
				0A4D01DB1853DFE400B34D3B /* NSMutableArray+SS.m in Sources */,
				0A4D01F91853DFE400B34D3B /* NSString+SS.m in Sources */,
				0A4D02081853DFE400B34D3B /* SS+System.m in Sources */,
				0A4D01C91853DFE400B34D3B /* NSDate+JavaScript.m in Sources */,
				0A4D02051853DFE400B34D3B /* SS+JavaScript.m in Sources */,
				0A4D01EA1853DFE400B34D3B /* NSNumber+JavaScript.m in Sources */,
				0A4D01CF1853DFE400B34D3B /* NSDictionary+JavaScript.m in Sources */,
				0A4D02021853DFE400B34D3B /* SS+Functions.m in Sources */,
				0A4D01FC1853DFE400B34D3B /* NSString+Versioning.m in Sources */,
				0A4D020B1853DFE400B34D3B /* SS+Types.m in Sources */,
				0A4D01E71853DFE400B34D3B /* NSMutableString+SS.m in Sources */,
				0A4D01D81853DFE400B34D3B /* NSMutableArray+JavaScript.m in Sources */,
				0A4D02101853DFE400B34D3B /* SubjectiveScript.m in Sources */,
				0A4D01D51853DFE400B34D3B /* NSDictionary+SS.m in Sources */,
				0A4D01C61853DFE400B34D3B /* NSArray+SS.m in Sources */,
				0A4D01DE1853DFE400B34D3B /* NSMutableDictionary+JavaScript.m in Sources */,
				0A4D01F01853DFE400B34D3B /* NSObject+JavaScript.m in Sources */,
				0A4D01E41853DFE400B34D3B /* NSMutableString+JavaScript.m in Sources */,
				0A4D01CC1853DFE400B34D3B /* NSDate+SS.m in Sources */,
				0A4D01F61853DFE400B34D3B /* NSString+JavaScript.m in Sources */,
				0A4D01C31853DFE400B34D3B /* NSArray+JavaScript.m in Sources */,
				0A4D01FF1853DFE400B34D3B /* SS.m in Sources */,
				0A4D01D21853DFE400B34D3B /* NSDictionary+NamedProperties.m in Sources */,
				0A4D01E11853DFE400B34D3B /* NSMutableDictionary+SS.m in Sources */,
			);
			runOnlyForDeploymentPostprocessing = 0;
		};
		0AA55DD015D263550069DD2E /* Sources */ = {
			isa = PBXSourcesBuildPhase;
			buildActionMask = 2147483647;
			files = (
				0AA55E2215D263830069DD2E /* Array+JavaScriptTests.m in Sources */,
				0AA55E2415D263830069DD2E /* Date+JavaScriptTests.m in Sources */,
				0AA55E2615D263830069DD2E /* Functions+JavaScriptTests.m in Sources */,
				0AA55E2815D263830069DD2E /* NSObject+JavaScriptTests.m in Sources */,
				0AA55E2A15D263830069DD2E /* Number+JavaScriptTests.m in Sources */,
				0AA55E2C15D263830069DD2E /* Object+JavaScriptTests.m in Sources */,
				0AA55E2E15D263830069DD2E /* SS+JavaScriptTests.m in Sources */,
				0AA55E3015D263830069DD2E /* String+JavaScriptTests.m in Sources */,
				0AA55E3215D263830069DD2E /* SubjectiveScriptTests.m in Sources */,
				0AA55E3415D263830069DD2E /* Array+SSTests.m in Sources */,
				0AA55E3615D263830069DD2E /* Date+SSTests.m in Sources */,
				0AA55E3815D263830069DD2E /* NSObject+SSTests.m in Sources */,
				0AA55E3A15D263830069DD2E /* Number+SSTests.m in Sources */,
				0AA55E3C15D263830069DD2E /* Object+SSTests.m in Sources */,
				0AA55E3E15D263830069DD2E /* String+SSTests.m in Sources */,
			);
			runOnlyForDeploymentPostprocessing = 0;
		};
/* End PBXSourcesBuildPhase section */

/* Begin PBXTargetDependency section */
		0AA55DB315D263400069DD2E /* PBXTargetDependency */ = {
			isa = PBXTargetDependency;
			target = 0AA55D9F15D2633F0069DD2E /* SubjectiveScript.m-ios */;
			targetProxy = 0AA55DB215D263400069DD2E /* PBXContainerItemProxy */;
		};
		0AA55DD915D263550069DD2E /* PBXTargetDependency */ = {
			isa = PBXTargetDependency;
			target = 0AA55DC715D263540069DD2E /* SubjectiveScript.m-osx */;
			targetProxy = 0AA55DD815D263550069DD2E /* PBXContainerItemProxy */;
		};
/* End PBXTargetDependency section */

/* Begin PBXVariantGroup section */
		0AA55DF015D263740069DD2E /* InfoPlist.strings */ = {
			isa = PBXVariantGroup;
			children = (
				0AA55DF115D263740069DD2E /* en */,
			);
			name = InfoPlist.strings;
			sourceTree = "<group>";
		};
		0AA55DFA15D263740069DD2E /* InfoPlist.strings */ = {
			isa = PBXVariantGroup;
			children = (
				0AA55DFB15D263740069DD2E /* en */,
			);
			name = InfoPlist.strings;
			sourceTree = "<group>";
		};
/* End PBXVariantGroup section */

/* Begin XCBuildConfiguration section */
		0AA55DBF15D263400069DD2E /* Debug */ = {
			isa = XCBuildConfiguration;
			buildSettings = {
				ALWAYS_SEARCH_USER_PATHS = YES;
				CLANG_CXX_LANGUAGE_STANDARD = "gnu++0x";
				CLANG_WARN__DUPLICATE_METHOD_MATCH = YES;
				DSTROOT = /tmp/SubjectiveScript_m_ios.dst;
				GCC_PRECOMPILE_PREFIX_HEADER = YES;
				GCC_PREFIX_HEADER = "Config/SubjectiveScript.m-ios/SubjectiveScript.m-ios-Prefix.pch";
				OTHER_LDFLAGS = "-ObjC";
				PRODUCT_NAME = "$(TARGET_NAME)";
				SKIP_INSTALL = YES;
			};
			name = Debug;
		};
		0AA55DC015D263400069DD2E /* Release */ = {
			isa = XCBuildConfiguration;
			buildSettings = {
				ALWAYS_SEARCH_USER_PATHS = YES;
				CLANG_CXX_LANGUAGE_STANDARD = "gnu++0x";
				CLANG_WARN__DUPLICATE_METHOD_MATCH = YES;
				DSTROOT = /tmp/SubjectiveScript_m_ios.dst;
				GCC_PRECOMPILE_PREFIX_HEADER = YES;
				GCC_PREFIX_HEADER = "Config/SubjectiveScript.m-ios/SubjectiveScript.m-ios-Prefix.pch";
				OTHER_LDFLAGS = "-ObjC";
				PRODUCT_NAME = "$(TARGET_NAME)";
				SKIP_INSTALL = YES;
			};
			name = Release;
		};
		0AA55DC215D263400069DD2E /* Debug */ = {
			isa = XCBuildConfiguration;
			baseConfigurationReference = 34263E84CDC14AA89D62033A /* Pods-SubjectiveScript.m-iosTests.xcconfig */;
			buildSettings = {
				CLANG_CXX_LANGUAGE_STANDARD = "gnu++0x";
				CLANG_WARN__DUPLICATE_METHOD_MATCH = YES;
				FRAMEWORK_SEARCH_PATHS = (
					"\"$(SDKROOT)/Developer/Library/Frameworks\"",
					"\"$(DEVELOPER_LIBRARY_DIR)/Frameworks\"",
				);
				GCC_PRECOMPILE_PREFIX_HEADER = YES;
				GCC_PREFIX_HEADER = "Config/SubjectiveScript.m-ios/SubjectiveScript.m-ios-Prefix.pch";
				INFOPLIST_FILE = "Config/SubjectiveScript.m-iosTests/SubjectiveScript.m-iosTests-Info.plist";
				PRODUCT_NAME = "$(TARGET_NAME)";
				WRAPPER_EXTENSION = octest;
			};
			name = Debug;
		};
		0AA55DC315D263400069DD2E /* Release */ = {
			isa = XCBuildConfiguration;
			baseConfigurationReference = 34263E84CDC14AA89D62033A /* Pods-SubjectiveScript.m-iosTests.xcconfig */;
			buildSettings = {
				CLANG_CXX_LANGUAGE_STANDARD = "gnu++0x";
				CLANG_WARN__DUPLICATE_METHOD_MATCH = YES;
				FRAMEWORK_SEARCH_PATHS = (
					"\"$(SDKROOT)/Developer/Library/Frameworks\"",
					"\"$(DEVELOPER_LIBRARY_DIR)/Frameworks\"",
				);
				GCC_PRECOMPILE_PREFIX_HEADER = YES;
				GCC_PREFIX_HEADER = "Config/SubjectiveScript.m-ios/SubjectiveScript.m-ios-Prefix.pch";
				INFOPLIST_FILE = "Config/SubjectiveScript.m-iosTests/SubjectiveScript.m-iosTests-Info.plist";
				PRODUCT_NAME = "$(TARGET_NAME)";
				WRAPPER_EXTENSION = octest;
			};
			name = Release;
		};
		0AA55DE515D263550069DD2E /* Debug */ = {
			isa = XCBuildConfiguration;
			buildSettings = {
				ALWAYS_SEARCH_USER_PATHS = YES;
				CLANG_CXX_LANGUAGE_STANDARD = "gnu++0x";
				CLANG_WARN__DUPLICATE_METHOD_MATCH = YES;
				GCC_ENABLE_OBJC_EXCEPTIONS = YES;
				GCC_PRECOMPILE_PREFIX_HEADER = YES;
				GCC_PREFIX_HEADER = "Config/SubjectiveScript.m-osx/SubjectiveScript.m-osx-Prefix.pch";
				GCC_WARN_64_TO_32_BIT_CONVERSION = YES;
				MACOSX_DEPLOYMENT_TARGET = 10.8;
				ONLY_ACTIVE_ARCH = YES;
				PRODUCT_NAME = "$(TARGET_NAME)";
				SDKROOT = macosx;
				VALID_ARCHS = "i386 x86_64";
			};
			name = Debug;
		};
		0AA55DE615D263550069DD2E /* Release */ = {
			isa = XCBuildConfiguration;
			buildSettings = {
				ALWAYS_SEARCH_USER_PATHS = YES;
				CLANG_CXX_LANGUAGE_STANDARD = "gnu++0x";
				CLANG_WARN__DUPLICATE_METHOD_MATCH = YES;
				DEBUG_INFORMATION_FORMAT = "dwarf-with-dsym";
				GCC_ENABLE_OBJC_EXCEPTIONS = YES;
				GCC_PRECOMPILE_PREFIX_HEADER = YES;
				GCC_PREFIX_HEADER = "Config/SubjectiveScript.m-osx/SubjectiveScript.m-osx-Prefix.pch";
				GCC_WARN_64_TO_32_BIT_CONVERSION = YES;
				MACOSX_DEPLOYMENT_TARGET = 10.8;
				PRODUCT_NAME = "$(TARGET_NAME)";
				SDKROOT = macosx;
				VALID_ARCHS = "i386 x86_64";
			};
			name = Release;
		};
		0AA55DE815D263550069DD2E /* Debug */ = {
			isa = XCBuildConfiguration;
			baseConfigurationReference = 6CDA3CFB7A484109BB5DECBF /* Pods-SubjectiveScript.m-osxTests.xcconfig */;
			buildSettings = {
				CLANG_CXX_LANGUAGE_STANDARD = "gnu++0x";
				CLANG_WARN__DUPLICATE_METHOD_MATCH = YES;
				COMBINE_HIDPI_IMAGES = YES;
				FRAMEWORK_SEARCH_PATHS = "\"$(DEVELOPER_LIBRARY_DIR)/Frameworks\"";
				GCC_ENABLE_OBJC_EXCEPTIONS = YES;
				GCC_PRECOMPILE_PREFIX_HEADER = YES;
				GCC_PREFIX_HEADER = "Config/SubjectiveScript.m-osx/SubjectiveScript.m-osx-Prefix.pch";
				GCC_WARN_64_TO_32_BIT_CONVERSION = YES;
				INFOPLIST_FILE = "Config/SubjectiveScript.m-osxTests/SubjectiveScript.m-osxTests-Info.plist";
				MACOSX_DEPLOYMENT_TARGET = 10.8;
				ONLY_ACTIVE_ARCH = YES;
				PRODUCT_NAME = "$(TARGET_NAME)";
				SDKROOT = macosx;
				VALID_ARCHS = "i386 x86_64";
				WRAPPER_EXTENSION = octest;
			};
			name = Debug;
		};
		0AA55DE915D263550069DD2E /* Release */ = {
			isa = XCBuildConfiguration;
			baseConfigurationReference = 6CDA3CFB7A484109BB5DECBF /* Pods-SubjectiveScript.m-osxTests.xcconfig */;
			buildSettings = {
				CLANG_CXX_LANGUAGE_STANDARD = "gnu++0x";
				CLANG_WARN__DUPLICATE_METHOD_MATCH = YES;
				COMBINE_HIDPI_IMAGES = YES;
				DEBUG_INFORMATION_FORMAT = "dwarf-with-dsym";
				FRAMEWORK_SEARCH_PATHS = "\"$(DEVELOPER_LIBRARY_DIR)/Frameworks\"";
				GCC_ENABLE_OBJC_EXCEPTIONS = YES;
				GCC_PRECOMPILE_PREFIX_HEADER = YES;
				GCC_PREFIX_HEADER = "Config/SubjectiveScript.m-osx/SubjectiveScript.m-osx-Prefix.pch";
				GCC_WARN_64_TO_32_BIT_CONVERSION = YES;
				INFOPLIST_FILE = "Config/SubjectiveScript.m-osxTests/SubjectiveScript.m-osxTests-Info.plist";
				MACOSX_DEPLOYMENT_TARGET = 10.8;
				PRODUCT_NAME = "$(TARGET_NAME)";
				SDKROOT = macosx;
				VALID_ARCHS = "i386 x86_64";
				WRAPPER_EXTENSION = octest;
			};
			name = Release;
		};
		0AFE257215B59CD1008A8BA9 /* Debug */ = {
			isa = XCBuildConfiguration;
			buildSettings = {
				ALWAYS_SEARCH_USER_PATHS = NO;
				CLANG_ENABLE_OBJC_ARC = YES;
				CLANG_WARN_BOOL_CONVERSION = YES;
				CLANG_WARN_CONSTANT_CONVERSION = YES;
				CLANG_WARN_EMPTY_BODY = YES;
				CLANG_WARN_ENUM_CONVERSION = YES;
				CLANG_WARN_INT_CONVERSION = YES;
				CLANG_WARN__DUPLICATE_METHOD_MATCH = YES;
				COPY_PHASE_STRIP = NO;
				GCC_C_LANGUAGE_STANDARD = gnu99;
				GCC_DYNAMIC_NO_PIC = NO;
				GCC_OPTIMIZATION_LEVEL = 0;
				GCC_PREPROCESSOR_DEFINITIONS = (
					"DEBUG=1",
					"$(inherited)",
				);
				GCC_SYMBOLS_PRIVATE_EXTERN = NO;
				GCC_VERSION = com.apple.compilers.llvm.clang.1_0;
				GCC_WARN_64_TO_32_BIT_CONVERSION = YES;
				GCC_WARN_ABOUT_RETURN_TYPE = YES;
				GCC_WARN_UNDECLARED_SELECTOR = YES;
				GCC_WARN_UNINITIALIZED_AUTOS = YES;
				GCC_WARN_UNUSED_FUNCTION = YES;
				GCC_WARN_UNUSED_VARIABLE = YES;
				HEADER_SEARCH_PATHS = (
					"$(inherited)/**",
					/Applications/Xcode.app/Contents/Developer/Toolchains/XcodeDefault.xctoolchain/usr/include,
				);
				IPHONEOS_DEPLOYMENT_TARGET = 5.1;
				ONLY_ACTIVE_ARCH = YES;
				SDKROOT = iphoneos;
				VALID_ARCHS = "armv6 armv7";
			};
			name = Debug;
		};
		0AFE257315B59CD1008A8BA9 /* Release */ = {
			isa = XCBuildConfiguration;
			buildSettings = {
				ALWAYS_SEARCH_USER_PATHS = NO;
				CLANG_ENABLE_OBJC_ARC = YES;
				CLANG_WARN_BOOL_CONVERSION = YES;
				CLANG_WARN_CONSTANT_CONVERSION = YES;
				CLANG_WARN_EMPTY_BODY = YES;
				CLANG_WARN_ENUM_CONVERSION = YES;
				CLANG_WARN_INT_CONVERSION = YES;
				CLANG_WARN__DUPLICATE_METHOD_MATCH = YES;
				COPY_PHASE_STRIP = YES;
				GCC_C_LANGUAGE_STANDARD = gnu99;
				GCC_VERSION = com.apple.compilers.llvm.clang.1_0;
				GCC_WARN_64_TO_32_BIT_CONVERSION = YES;
				GCC_WARN_ABOUT_RETURN_TYPE = YES;
				GCC_WARN_UNDECLARED_SELECTOR = YES;
				GCC_WARN_UNINITIALIZED_AUTOS = YES;
				GCC_WARN_UNUSED_FUNCTION = YES;
				GCC_WARN_UNUSED_VARIABLE = YES;
				HEADER_SEARCH_PATHS = (
					"$(inherited)/**",
					/Applications/Xcode.app/Contents/Developer/Toolchains/XcodeDefault.xctoolchain/usr/include,
				);
				IPHONEOS_DEPLOYMENT_TARGET = 5.1;
				SDKROOT = iphoneos;
				VALIDATE_PRODUCT = YES;
				VALID_ARCHS = "armv6 armv7";
			};
			name = Release;
		};
/* End XCBuildConfiguration section */

/* Begin XCConfigurationList section */
		0AA55DBE15D263400069DD2E /* Build configuration list for PBXNativeTarget "SubjectiveScript.m-ios" */ = {
			isa = XCConfigurationList;
			buildConfigurations = (
				0AA55DBF15D263400069DD2E /* Debug */,
				0AA55DC015D263400069DD2E /* Release */,
			);
			defaultConfigurationIsVisible = 0;
			defaultConfigurationName = Release;
		};
		0AA55DC115D263400069DD2E /* Build configuration list for PBXNativeTarget "SubjectiveScript.m-iosTests" */ = {
			isa = XCConfigurationList;
			buildConfigurations = (
				0AA55DC215D263400069DD2E /* Debug */,
				0AA55DC315D263400069DD2E /* Release */,
			);
			defaultConfigurationIsVisible = 0;
			defaultConfigurationName = Release;
		};
		0AA55DE415D263550069DD2E /* Build configuration list for PBXNativeTarget "SubjectiveScript.m-osx" */ = {
			isa = XCConfigurationList;
			buildConfigurations = (
				0AA55DE515D263550069DD2E /* Debug */,
				0AA55DE615D263550069DD2E /* Release */,
			);
			defaultConfigurationIsVisible = 0;
			defaultConfigurationName = Release;
		};
		0AA55DE715D263550069DD2E /* Build configuration list for PBXNativeTarget "SubjectiveScript.m-osxTests" */ = {
			isa = XCConfigurationList;
			buildConfigurations = (
				0AA55DE815D263550069DD2E /* Debug */,
				0AA55DE915D263550069DD2E /* Release */,
			);
			defaultConfigurationIsVisible = 0;
			defaultConfigurationName = Release;
		};
		0AFE254A15B59CD1008A8BA9 /* Build configuration list for PBXProject "SubjectiveScript.m" */ = {
			isa = XCConfigurationList;
			buildConfigurations = (
				0AFE257215B59CD1008A8BA9 /* Debug */,
				0AFE257315B59CD1008A8BA9 /* Release */,
			);
			defaultConfigurationIsVisible = 0;
			defaultConfigurationName = Release;
		};
/* End XCConfigurationList section */
	};
	rootObject = 0AFE254715B59CD1008A8BA9 /* Project object */;
}
